// !$*UTF8*$!
{
	archiveVersion = 1;
	classes = {
	};
	objectVersion = 46;
	objects = {

/* Begin PBXBuildFile section */
		664128001C7ADD850028987B /* main.m in Sources */ = {isa = PBXBuildFile; fileRef = 664127FF1C7ADD850028987B /* main.m */; };
		664128031C7ADD850028987B /* AppDelegate.m in Sources */ = {isa = PBXBuildFile; fileRef = 664128021C7ADD850028987B /* AppDelegate.m */; };
		664128061C7ADD850028987B /* FirstViewController.m in Sources */ = {isa = PBXBuildFile; fileRef = 664128051C7ADD850028987B /* FirstViewController.m */; };
		664128091C7ADD850028987B /* SecondViewController.m in Sources */ = {isa = PBXBuildFile; fileRef = 664128081C7ADD850028987B /* SecondViewController.m */; };
		6641280C1C7ADD860028987B /* Main.storyboard in Resources */ = {isa = PBXBuildFile; fileRef = 6641280A1C7ADD860028987B /* Main.storyboard */; };
		6641280E1C7ADD860028987B /* Assets.xcassets in Resources */ = {isa = PBXBuildFile; fileRef = 6641280D1C7ADD860028987B /* Assets.xcassets */; };
		664128111C7ADD860028987B /* LaunchScreen.storyboard in Resources */ = {isa = PBXBuildFile; fileRef = 6641280F1C7ADD860028987B /* LaunchScreen.storyboard */; };
		6641281C1C7ADD860028987B /* Oye5Tests.m in Sources */ = {isa = PBXBuildFile; fileRef = 6641281B1C7ADD860028987B /* Oye5Tests.m */; };
		664128271C7ADD860028987B /* Oye5UITests.m in Sources */ = {isa = PBXBuildFile; fileRef = 664128261C7ADD860028987B /* Oye5UITests.m */; };
/* End PBXBuildFile section */

/* Begin PBXContainerItemProxy section */
		664128181C7ADD860028987B /* PBXContainerItemProxy */ = {
			isa = PBXContainerItemProxy;
			containerPortal = 664127F31C7ADD850028987B /* Project object */;
			proxyType = 1;
			remoteGlobalIDString = 664127FA1C7ADD850028987B;
			remoteInfo = Oye5;
		};
		664128231C7ADD860028987B /* PBXContainerItemProxy */ = {
			isa = PBXContainerItemProxy;
			containerPortal = 664127F31C7ADD850028987B /* Project object */;
			proxyType = 1;
			remoteGlobalIDString = 664127FA1C7ADD850028987B;
			remoteInfo = Oye5;
		};
/* End PBXContainerItemProxy section */

/* Begin PBXFileReference section */
		664127FB1C7ADD850028987B /* Oye5.app */ = {isa = PBXFileReference; explicitFileType = wrapper.application; includeInIndex = 0; path = Oye5.app; sourceTree = BUILT_PRODUCTS_DIR; };
		664127FF1C7ADD850028987B /* main.m */ = {isa = PBXFileReference; lastKnownFileType = sourcecode.c.objc; path = main.m; sourceTree = "<group>"; };
		664128011C7ADD850028987B /* AppDelegate.h */ = {isa = PBXFileReference; lastKnownFileType = sourcecode.c.h; path = AppDelegate.h; sourceTree = "<group>"; };
		664128021C7ADD850028987B /* AppDelegate.m */ = {isa = PBXFileReference; lastKnownFileType = sourcecode.c.objc; path = AppDelegate.m; sourceTree = "<group>"; };
		664128041C7ADD850028987B /* FirstViewController.h */ = {isa = PBXFileReference; lastKnownFileType = sourcecode.c.h; path = FirstViewController.h; sourceTree = "<group>"; };
		664128051C7ADD850028987B /* FirstViewController.m */ = {isa = PBXFileReference; lastKnownFileType = sourcecode.c.objc; path = FirstViewController.m; sourceTree = "<group>"; };
		664128071C7ADD850028987B /* SecondViewController.h */ = {isa = PBXFileReference; lastKnownFileType = sourcecode.c.h; path = SecondViewController.h; sourceTree = "<group>"; };
		664128081C7ADD850028987B /* SecondViewController.m */ = {isa = PBXFileReference; lastKnownFileType = sourcecode.c.objc; path = SecondViewController.m; sourceTree = "<group>"; };
		6641280B1C7ADD860028987B /* Base */ = {isa = PBXFileReference; lastKnownFileType = file.storyboard; name = Base; path = Base.lproj/Main.storyboard; sourceTree = "<group>"; };
		6641280D1C7ADD860028987B /* Assets.xcassets */ = {isa = PBXFileReference; lastKnownFileType = folder.assetcatalog; path = Assets.xcassets; sourceTree = "<group>"; };
		664128101C7ADD860028987B /* Base */ = {isa = PBXFileReference; lastKnownFileType = file.storyboard; name = Base; path = Base.lproj/LaunchScreen.storyboard; sourceTree = "<group>"; };
		664128121C7ADD860028987B /* Info.plist */ = {isa = PBXFileReference; lastKnownFileType = text.plist.xml; path = Info.plist; sourceTree = "<group>"; };
		664128171C7ADD860028987B /* Oye5Tests.xctest */ = {isa = PBXFileReference; explicitFileType = wrapper.cfbundle; includeInIndex = 0; path = Oye5Tests.xctest; sourceTree = BUILT_PRODUCTS_DIR; };
		6641281B1C7ADD860028987B /* Oye5Tests.m */ = {isa = PBXFileReference; lastKnownFileType = sourcecode.c.objc; path = Oye5Tests.m; sourceTree = "<group>"; };
		6641281D1C7ADD860028987B /* Info.plist */ = {isa = PBXFileReference; lastKnownFileType = text.plist.xml; path = Info.plist; sourceTree = "<group>"; };
		664128221C7ADD860028987B /* Oye5UITests.xctest */ = {isa = PBXFileReference; explicitFileType = wrapper.cfbundle; includeInIndex = 0; path = Oye5UITests.xctest; sourceTree = BUILT_PRODUCTS_DIR; };
		664128261C7ADD860028987B /* Oye5UITests.m */ = {isa = PBXFileReference; lastKnownFileType = sourcecode.c.objc; path = Oye5UITests.m; sourceTree = "<group>"; };
		664128281C7ADD860028987B /* Info.plist */ = {isa = PBXFileReference; lastKnownFileType = text.plist.xml; path = Info.plist; sourceTree = "<group>"; };
/* End PBXFileReference section */

/* Begin PBXFrameworksBuildPhase section */
		664127F81C7ADD850028987B /* Frameworks */ = {
			isa = PBXFrameworksBuildPhase;
			buildActionMask = 2147483647;
			files = (
			);
			runOnlyForDeploymentPostprocessing = 0;
		};
		664128141C7ADD860028987B /* Frameworks */ = {
			isa = PBXFrameworksBuildPhase;
			buildActionMask = 2147483647;
			files = (
			);
			runOnlyForDeploymentPostprocessing = 0;
		};
		6641281F1C7ADD860028987B /* Frameworks */ = {
			isa = PBXFrameworksBuildPhase;
			buildActionMask = 2147483647;
			files = (
			);
			runOnlyForDeploymentPostprocessing = 0;
		};
/* End PBXFrameworksBuildPhase section */

/* Begin PBXGroup section */
		664127F21C7ADD850028987B = {
			isa = PBXGroup;
			children = (
				664127FD1C7ADD850028987B /* Oye5 */,
				6641281A1C7ADD860028987B /* Oye5Tests */,
				664128251C7ADD860028987B /* Oye5UITests */,
				664127FC1C7ADD850028987B /* Products */,
			);
			sourceTree = "<group>";
		};
		664127FC1C7ADD850028987B /* Products */ = {
			isa = PBXGroup;
			children = (
				664127FB1C7ADD850028987B /* Oye5.app */,
				664128171C7ADD860028987B /* Oye5Tests.xctest */,
				664128221C7ADD860028987B /* Oye5UITests.xctest */,
			);
			name = Products;
			sourceTree = "<group>";
		};
		664127FD1C7ADD850028987B /* Oye5 */ = {
			isa = PBXGroup;
			children = (
				664128011C7ADD850028987B /* AppDelegate.h */,
				664128021C7ADD850028987B /* AppDelegate.m */,
				664128041C7ADD850028987B /* FirstViewController.h */,
				664128051C7ADD850028987B /* FirstViewController.m */,
				664128071C7ADD850028987B /* SecondViewController.h */,
				664128081C7ADD850028987B /* SecondViewController.m */,
				6641280A1C7ADD860028987B /* Main.storyboard */,
				6641280D1C7ADD860028987B /* Assets.xcassets */,
				6641280F1C7ADD860028987B /* LaunchScreen.storyboard */,
				664128121C7ADD860028987B /* Info.plist */,
				664127FE1C7ADD850028987B /* Supporting Files */,
			);
			path = Oye5;
			sourceTree = "<group>";
		};
		664127FE1C7ADD850028987B /* Supporting Files */ = {
			isa = PBXGroup;
			children = (
				664127FF1C7ADD850028987B /* main.m */,
			);
			name = "Supporting Files";
			sourceTree = "<group>";
		};
		6641281A1C7ADD860028987B /* Oye5Tests */ = {
			isa = PBXGroup;
			children = (
				6641281B1C7ADD860028987B /* Oye5Tests.m */,
				6641281D1C7ADD860028987B /* Info.plist */,
			);
			path = Oye5Tests;
			sourceTree = "<group>";
		};
		664128251C7ADD860028987B /* Oye5UITests */ = {
			isa = PBXGroup;
			children = (
				664128261C7ADD860028987B /* Oye5UITests.m */,
				664128281C7ADD860028987B /* Info.plist */,
			);
			path = Oye5UITests;
			sourceTree = "<group>";
		};
/* End PBXGroup section */

/* Begin PBXNativeTarget section */
		664127FA1C7ADD850028987B /* Oye5 */ = {
			isa = PBXNativeTarget;
			buildConfigurationList = 6641282B1C7ADD860028987B /* Build configuration list for PBXNativeTarget "Oye5" */;
			buildPhases = (
				664127F71C7ADD850028987B /* Sources */,
				664127F81C7ADD850028987B /* Frameworks */,
				664127F91C7ADD850028987B /* Resources */,
			);
			buildRules = (
			);
			dependencies = (
			);
			name = Oye5;
			productName = Oye5;
			productReference = 664127FB1C7ADD850028987B /* Oye5.app */;
			productType = "com.apple.product-type.application";
		};
		664128161C7ADD860028987B /* Oye5Tests */ = {
			isa = PBXNativeTarget;
			buildConfigurationList = 6641282E1C7ADD860028987B /* Build configuration list for PBXNativeTarget "Oye5Tests" */;
			buildPhases = (
				664128131C7ADD860028987B /* Sources */,
				664128141C7ADD860028987B /* Frameworks */,
				664128151C7ADD860028987B /* Resources */,
			);
			buildRules = (
			);
			dependencies = (
				664128191C7ADD860028987B /* PBXTargetDependency */,
			);
			name = Oye5Tests;
			productName = Oye5Tests;
			productReference = 664128171C7ADD860028987B /* Oye5Tests.xctest */;
			productType = "com.apple.product-type.bundle.unit-test";
		};
		664128211C7ADD860028987B /* Oye5UITests */ = {
			isa = PBXNativeTarget;
			buildConfigurationList = 664128311C7ADD860028987B /* Build configuration list for PBXNativeTarget "Oye5UITests" */;
			buildPhases = (
				6641281E1C7ADD860028987B /* Sources */,
				6641281F1C7ADD860028987B /* Frameworks */,
				664128201C7ADD860028987B /* Resources */,
			);
			buildRules = (
			);
			dependencies = (
				664128241C7ADD860028987B /* PBXTargetDependency */,
			);
			name = Oye5UITests;
			productName = Oye5UITests;
			productReference = 664128221C7ADD860028987B /* Oye5UITests.xctest */;
			productType = "com.apple.product-type.bundle.ui-testing";
		};
/* End PBXNativeTarget section */

/* Begin PBXProject section */
		664127F31C7ADD850028987B /* Project object */ = {
			isa = PBXProject;
			attributes = {
				LastUpgradeCheck = 0720;
				ORGANIZATIONNAME = Oye5;
				TargetAttributes = {
					664127FA1C7ADD850028987B = {
						CreatedOnToolsVersion = 7.2;
					};
					664128161C7ADD860028987B = {
						CreatedOnToolsVersion = 7.2;
						TestTargetID = 664127FA1C7ADD850028987B;
					};
					664128211C7ADD860028987B = {
						CreatedOnToolsVersion = 7.2;
						TestTargetID = 664127FA1C7ADD850028987B;
					};
				};
			};
			buildConfigurationList = 664127F61C7ADD850028987B /* Build configuration list for PBXProject "Oye5" */;
			compatibilityVersion = "Xcode 3.2";
			developmentRegion = English;
			hasScannedForEncodings = 0;
			knownRegions = (
				en,
				Base,
			);
			mainGroup = 664127F21C7ADD850028987B;
			productRefGroup = 664127FC1C7ADD850028987B /* Products */;
			projectDirPath = "";
			projectRoot = "";
			targets = (
				664127FA1C7ADD850028987B /* Oye5 */,
				664128161C7ADD860028987B /* Oye5Tests */,
				664128211C7ADD860028987B /* Oye5UITests */,
			);
		};
/* End PBXProject section */

/* Begin PBXResourcesBuildPhase section */
		664127F91C7ADD850028987B /* Resources */ = {
			isa = PBXResourcesBuildPhase;
			buildActionMask = 2147483647;
			files = (
				664128111C7ADD860028987B /* LaunchScreen.storyboard in Resources */,
				6641280E1C7ADD860028987B /* Assets.xcassets in Resources */,
				6641280C1C7ADD860028987B /* Main.storyboard in Resources */,
			);
			runOnlyForDeploymentPostprocessing = 0;
		};
		664128151C7ADD860028987B /* Resources */ = {
			isa = PBXResourcesBuildPhase;
			buildActionMask = 2147483647;
			files = (
			);
			runOnlyForDeploymentPostprocessing = 0;
		};
		664128201C7ADD860028987B /* Resources */ = {
			isa = PBXResourcesBuildPhase;
			buildActionMask = 2147483647;
			files = (
			);
			runOnlyForDeploymentPostprocessing = 0;
		};
/* End PBXResourcesBuildPhase section */

/* Begin PBXSourcesBuildPhase section */
		664127F71C7ADD850028987B /* Sources */ = {
			isa = PBXSourcesBuildPhase;
			buildActionMask = 2147483647;
			files = (
				664128091C7ADD850028987B /* SecondViewController.m in Sources */,
				664128031C7ADD850028987B /* AppDelegate.m in Sources */,
				664128061C7ADD850028987B /* FirstViewController.m in Sources */,
				664128001C7ADD850028987B /* main.m in Sources */,
			);
			runOnlyForDeploymentPostprocessing = 0;
		};
		664128131C7ADD860028987B /* Sources */ = {
			isa = PBXSourcesBuildPhase;
			buildActionMask = 2147483647;
			files = (
				6641281C1C7ADD860028987B /* Oye5Tests.m in Sources */,
			);
			runOnlyForDeploymentPostprocessing = 0;
		};
		6641281E1C7ADD860028987B /* Sources */ = {
			isa = PBXSourcesBuildPhase;
			buildActionMask = 2147483647;
			files = (
				664128271C7ADD860028987B /* Oye5UITests.m in Sources */,
			);
			runOnlyForDeploymentPostprocessing = 0;
		};
/* End PBXSourcesBuildPhase section */

/* Begin PBXTargetDependency section */
		664128191C7ADD860028987B /* PBXTargetDependency */ = {
			isa = PBXTargetDependency;
			target = 664127FA1C7ADD850028987B /* Oye5 */;
			targetProxy = 664128181C7ADD860028987B /* PBXContainerItemProxy */;
		};
		664128241C7ADD860028987B /* PBXTargetDependency */ = {
			isa = PBXTargetDependency;
			target = 664127FA1C7ADD850028987B /* Oye5 */;
			targetProxy = 664128231C7ADD860028987B /* PBXContainerItemProxy */;
		};
/* End PBXTargetDependency section */

/* Begin PBXVariantGroup section */
		6641280A1C7ADD860028987B /* Main.storyboard */ = {
			isa = PBXVariantGroup;
			children = (
				6641280B1C7ADD860028987B /* Base */,
			);
			name = Main.storyboard;
			sourceTree = "<group>";
		};
		6641280F1C7ADD860028987B /* LaunchScreen.storyboard */ = {
			isa = PBXVariantGroup;
			children = (
				664128101C7ADD860028987B /* Base */,
			);
			name = LaunchScreen.storyboard;
			sourceTree = "<group>";
		};
/* End PBXVariantGroup section */

/* Begin XCBuildConfiguration section */
		664128291C7ADD860028987B /* Debug */ = {
			isa = XCBuildConfiguration;
			buildSettings = {
				ALWAYS_SEARCH_USER_PATHS = NO;
				CLANG_CXX_LANGUAGE_STANDARD = "gnu++0x";
				CLANG_CXX_LIBRARY = "libc++";
				CLANG_ENABLE_MODULES = YES;
				CLANG_ENABLE_OBJC_ARC = YES;
				CLANG_WARN_BOOL_CONVERSION = YES;
				CLANG_WARN_CONSTANT_CONVERSION = YES;
				CLANG_WARN_DIRECT_OBJC_ISA_USAGE = YES_ERROR;
				CLANG_WARN_EMPTY_BODY = YES;
				CLANG_WARN_ENUM_CONVERSION = YES;
				CLANG_WARN_INT_CONVERSION = YES;
				CLANG_WARN_OBJC_ROOT_CLASS = YES_ERROR;
				CLANG_WARN_UNREACHABLE_CODE = YES;
				CLANG_WARN__DUPLICATE_METHOD_MATCH = YES;
				"CODE_SIGN_IDENTITY[sdk=iphoneos*]" = "iPhone Developer";
				COPY_PHASE_STRIP = NO;
				DEBUG_INFORMATION_FORMAT = dwarf;
				ENABLE_STRICT_OBJC_MSGSEND = YES;
				ENABLE_TESTABILITY = YES;
				GCC_C_LANGUAGE_STANDARD = gnu99;
				GCC_DYNAMIC_NO_PIC = NO;
				GCC_NO_COMMON_BLOCKS = YES;
				GCC_OPTIMIZATION_LEVEL = 0;
				GCC_PREPROCESSOR_DEFINITIONS = (
					"DEBUG=1",
					"$(inherited)",
				);
				GCC_WARN_64_TO_32_BIT_CONVERSION = YES;
				GCC_WARN_ABOUT_RETURN_TYPE = YES_ERROR;
				GCC_WARN_UNDECLARED_SELECTOR = YES;
				GCC_WARN_UNINITIALIZED_AUTOS = YES_AGGRESSIVE;
				GCC_WARN_UNUSED_FUNCTION = YES;
				GCC_WARN_UNUSED_VARIABLE = YES;
				IPHONEOS_DEPLOYMENT_TARGET = 9.2;
				MTL_ENABLE_DEBUG_INFO = YES;
				ONLY_ACTIVE_ARCH = YES;
				SDKROOT = iphoneos;
				TARGETED_DEVICE_FAMILY = "1,2";
			};
			name = Debug;
		};
		6641282A1C7ADD860028987B /* Release */ = {
			isa = XCBuildConfiguration;
			buildSettings = {
				ALWAYS_SEARCH_USER_PATHS = NO;
				CLANG_CXX_LANGUAGE_STANDARD = "gnu++0x";
				CLANG_CXX_LIBRARY = "libc++";
				CLANG_ENABLE_MODULES = YES;
				CLANG_ENABLE_OBJC_ARC = YES;
				CLANG_WARN_BOOL_CONVERSION = YES;
				CLANG_WARN_CONSTANT_CONVERSION = YES;
				CLANG_WARN_DIRECT_OBJC_ISA_USAGE = YES_ERROR;
				CLANG_WARN_EMPTY_BODY = YES;
				CLANG_WARN_ENUM_CONVERSION = YES;
				CLANG_WARN_INT_CONVERSION = YES;
				CLANG_WARN_OBJC_ROOT_CLASS = YES_ERROR;
				CLANG_WARN_UNREACHABLE_CODE = YES;
				CLANG_WARN__DUPLICATE_METHOD_MATCH = YES;
				"CODE_SIGN_IDENTITY[sdk=iphoneos*]" = "iPhone Developer";
				COPY_PHASE_STRIP = NO;
				DEBUG_INFORMATION_FORMAT = "dwarf-with-dsym";
				ENABLE_NS_ASSERTIONS = NO;
				ENABLE_STRICT_OBJC_MSGSEND = YES;
				GCC_C_LANGUAGE_STANDARD = gnu99;
				GCC_NO_COMMON_BLOCKS = YES;
				GCC_WARN_64_TO_32_BIT_CONVERSION = YES;
				GCC_WARN_ABOUT_RETURN_TYPE = YES_ERROR;
				GCC_WARN_UNDECLARED_SELECTOR = YES;
				GCC_WARN_UNINITIALIZED_AUTOS = YES_AGGRESSIVE;
				GCC_WARN_UNUSED_FUNCTION = YES;
				GCC_WARN_UNUSED_VARIABLE = YES;
				IPHONEOS_DEPLOYMENT_TARGET = 9.2;
				MTL_ENABLE_DEBUG_INFO = NO;
				SDKROOT = iphoneos;
				TARGETED_DEVICE_FAMILY = "1,2";
				VALIDATE_PRODUCT = YES;
			};
			name = Release;
		};
		6641282C1C7ADD860028987B /* Debug */ = {
			isa = XCBuildConfiguration;
			buildSettings = {
				ASSETCATALOG_COMPILER_APPICON_NAME = AppIcon;
				INFOPLIST_FILE = Oye5/Info.plist;
				LD_RUNPATH_SEARCH_PATHS = "$(inherited) @executable_path/Frameworks";
				PRODUCT_BUNDLE_IDENTIFIER = oye5.Oye5;
				PRODUCT_NAME = "$(TARGET_NAME)";
			};
			name = Debug;
		};
		6641282D1C7ADD860028987B /* Release */ = {
			isa = XCBuildConfiguration;
			buildSettings = {
				ASSETCATALOG_COMPILER_APPICON_NAME = AppIcon;
				INFOPLIST_FILE = Oye5/Info.plist;
				LD_RUNPATH_SEARCH_PATHS = "$(inherited) @executable_path/Frameworks";
				PRODUCT_BUNDLE_IDENTIFIER = oye5.Oye5;
				PRODUCT_NAME = "$(TARGET_NAME)";
			};
			name = Release;
		};
		6641282F1C7ADD860028987B /* Debug */ = {
			isa = XCBuildConfiguration;
			buildSettings = {
				BUNDLE_LOADER = "$(TEST_HOST)";
				INFOPLIST_FILE = Oye5Tests/Info.plist;
				LD_RUNPATH_SEARCH_PATHS = "$(inherited) @executable_path/Frameworks @loader_path/Frameworks";
				PRODUCT_BUNDLE_IDENTIFIER = oye5.Oye5Tests;
				PRODUCT_NAME = "$(TARGET_NAME)";
				TEST_HOST = "$(BUILT_PRODUCTS_DIR)/Oye5.app/Oye5";
			};
			name = Debug;
		};
		664128301C7ADD860028987B /* Release */ = {
			isa = XCBuildConfiguration;
			buildSettings = {
				BUNDLE_LOADER = "$(TEST_HOST)";
				INFOPLIST_FILE = Oye5Tests/Info.plist;
				LD_RUNPATH_SEARCH_PATHS = "$(inherited) @executable_path/Frameworks @loader_path/Frameworks";
				PRODUCT_BUNDLE_IDENTIFIER = oye5.Oye5Tests;
				PRODUCT_NAME = "$(TARGET_NAME)";
				TEST_HOST = "$(BUILT_PRODUCTS_DIR)/Oye5.app/Oye5";
			};
			name = Release;
		};
		664128321C7ADD860028987B /* Debug */ = {
			isa = XCBuildConfiguration;
			buildSettings = {
				INFOPLIST_FILE = Oye5UITests/Info.plist;
				LD_RUNPATH_SEARCH_PATHS = "$(inherited) @executable_path/Frameworks @loader_path/Frameworks";
				PRODUCT_BUNDLE_IDENTIFIER = oye5.Oye5UITests;
				PRODUCT_NAME = "$(TARGET_NAME)";
				TEST_TARGET_NAME = Oye5;
				USES_XCTRUNNER = YES;
			};
			name = Debug;
		};
		664128331C7ADD860028987B /* Release */ = {
			isa = XCBuildConfiguration;
			buildSettings = {
				INFOPLIST_FILE = Oye5UITests/Info.plist;
				LD_RUNPATH_SEARCH_PATHS = "$(inherited) @executable_path/Frameworks @loader_path/Frameworks";
				PRODUCT_BUNDLE_IDENTIFIER = oye5.Oye5UITests;
				PRODUCT_NAME = "$(TARGET_NAME)";
				TEST_TARGET_NAME = Oye5;
				USES_XCTRUNNER = YES;
			};
			name = Release;
		};
/* End XCBuildConfiguration section */

/* Begin XCConfigurationList section */
		664127F61C7ADD850028987B /* Build configuration list for PBXProject "Oye5" */ = {
			isa = XCConfigurationList;
			buildConfigurations = (
				664128291C7ADD860028987B /* Debug */,
				6641282A1C7ADD860028987B /* Release */,
			);
			defaultConfigurationIsVisible = 0;
			defaultConfigurationName = Release;
		};
		6641282B1C7ADD860028987B /* Build configuration list for PBXNativeTarget "Oye5" */ = {
			isa = XCConfigurationList;
			buildConfigurations = (
				6641282C1C7ADD860028987B /* Debug */,
				6641282D1C7ADD860028987B /* Release */,
			);
			defaultConfigurationIsVisible = 0;
		};
		6641282E1C7ADD860028987B /* Build configuration list for PBXNativeTarget "Oye5Tests" */ = {
			isa = XCConfigurationList;
			buildConfigurations = (
				6641282F1C7ADD860028987B /* Debug */,
				664128301C7ADD860028987B /* Release */,
			);
			defaultConfigurationIsVisible = 0;
		};
		664128311C7ADD860028987B /* Build configuration list for PBXNativeTarget "Oye5UITests" */ = {
			isa = XCConfigurationList;
			buildConfigurations = (
				664128321C7ADD860028987B /* Debug */,
				664128331C7ADD860028987B /* Release */,
			);
			defaultConfigurationIsVisible = 0;
		};
/* End XCConfigurationList section */
	};
	rootObject = 664127F31C7ADD850028987B /* Project object */;
}
