// !$*UTF8*$!
{
	archiveVersion = 1;
	classes = {
	};
	objectVersion = 46;
	objects = {

/* Begin PBXBuildFile section */
		6617D5361C95252200101292 /* OYEHomeCollectionViewController.m in Sources */ = {isa = PBXBuildFile; fileRef = 6617D5351C95252200101292 /* OYEHomeCollectionViewController.m */; };
		6617D5391C95253400101292 /* OYESearchViewController.m in Sources */ = {isa = PBXBuildFile; fileRef = 6617D5381C95253400101292 /* OYESearchViewController.m */; };
		6617D53C1C95254100101292 /* OYESellViewController.m in Sources */ = {isa = PBXBuildFile; fileRef = 6617D53B1C95254100101292 /* OYESellViewController.m */; };
		6617D53F1C95255600101292 /* OYEChatsViewController.m in Sources */ = {isa = PBXBuildFile; fileRef = 6617D53E1C95255600101292 /* OYEChatsViewController.m */; };
		6617D5431C95256900101292 /* OYEItemViewController.m in Sources */ = {isa = PBXBuildFile; fileRef = 6617D5411C95256900101292 /* OYEItemViewController.m */; };
		6617D5441C95256900101292 /* OYEItemViewController.xib in Resources */ = {isa = PBXBuildFile; fileRef = 6617D5421C95256900101292 /* OYEItemViewController.xib */; };
		6617D5481C95257E00101292 /* OYEItemCollectionViewCell.m in Sources */ = {isa = PBXBuildFile; fileRef = 6617D5461C95257E00101292 /* OYEItemCollectionViewCell.m */; };
		6617D5491C95257E00101292 /* OYEItemCollectionViewCell.xib in Resources */ = {isa = PBXBuildFile; fileRef = 6617D5471C95257E00101292 /* OYEItemCollectionViewCell.xib */; };
		6617D54E1C95259400101292 /* UIColor+Extensions.m in Sources */ = {isa = PBXBuildFile; fileRef = 6617D54B1C95259400101292 /* UIColor+Extensions.m */; };
		6617D54F1C95259400101292 /* UIFont+Extensions.m in Sources */ = {isa = PBXBuildFile; fileRef = 6617D54D1C95259400101292 /* UIFont+Extensions.m */; };
		6617D5521C9525A500101292 /* OYELogFormatter.m in Sources */ = {isa = PBXBuildFile; fileRef = 6617D5511C9525A500101292 /* OYELogFormatter.m */; };
		6617D5551C9525CC00101292 /* OYEProfileViewController.m in Sources */ = {isa = PBXBuildFile; fileRef = 6617D5541C9525CC00101292 /* OYEProfileViewController.m */; };
		6617D5581C9525F300101292 /* OYEItem.m in Sources */ = {isa = PBXBuildFile; fileRef = 6617D5571C9525F300101292 /* OYEItem.m */; };
		6617D5631C96180800101292 /* OYEItemDetailTableViewCell.m in Sources */ = {isa = PBXBuildFile; fileRef = 6617D5611C96180800101292 /* OYEItemDetailTableViewCell.m */; };
		6617D5641C96180800101292 /* OYEItemDetailTableViewCell.xib in Resources */ = {isa = PBXBuildFile; fileRef = 6617D5621C96180800101292 /* OYEItemDetailTableViewCell.xib */; };
		6617D5671C961F4100101292 /* UIButton+Extensions.m in Sources */ = {isa = PBXBuildFile; fileRef = 6617D5661C961F4100101292 /* UIButton+Extensions.m */; };
		6617D56B1C96224700101292 /* OYEItemLocationTableViewCell.m in Sources */ = {isa = PBXBuildFile; fileRef = 6617D5691C96224700101292 /* OYEItemLocationTableViewCell.m */; };
		6617D56C1C96224700101292 /* OYEItemLocationTableViewCell.xib in Resources */ = {isa = PBXBuildFile; fileRef = 6617D56A1C96224700101292 /* OYEItemLocationTableViewCell.xib */; };
		6617D5701C9626EE00101292 /* OYEItemImageViewController.m in Sources */ = {isa = PBXBuildFile; fileRef = 6617D56E1C9626EE00101292 /* OYEItemImageViewController.m */; };
		6617D5711C9626EE00101292 /* OYEItemImageViewController.xib in Resources */ = {isa = PBXBuildFile; fileRef = 6617D56F1C9626EE00101292 /* OYEItemImageViewController.xib */; };
		6617D5741C96451600101292 /* OYEBaseTableViewCell.m in Sources */ = {isa = PBXBuildFile; fileRef = 6617D5731C96451600101292 /* OYEBaseTableViewCell.m */; };
		6617D5761C96502D00101292 /* CoreLocation.framework in Frameworks */ = {isa = PBXBuildFile; fileRef = 6617D5751C96502D00101292 /* CoreLocation.framework */; };
		6617D57A1C9A356700101292 /* OYEItemLocationAnnotation.m in Sources */ = {isa = PBXBuildFile; fileRef = 6617D5791C9A356700101292 /* OYEItemLocationAnnotation.m */; };
		6617D5891C9DD78300101292 /* OYEItemManager.m in Sources */ = {isa = PBXBuildFile; fileRef = 6617D5881C9DD78300101292 /* OYEItemManager.m */; };
		6617D58C1C9DD81700101292 /* OYEModelManager.m in Sources */ = {isa = PBXBuildFile; fileRef = 6617D58B1C9DD81700101292 /* OYEModelManager.m */; };
		66218A661CCD37C3003BD0B3 /* SocketAckEmitter.swift in Sources */ = {isa = PBXBuildFile; fileRef = 66218A501CCD37C3003BD0B3 /* SocketAckEmitter.swift */; };
		66218A671CCD37C3003BD0B3 /* SocketAckManager.swift in Sources */ = {isa = PBXBuildFile; fileRef = 66218A511CCD37C3003BD0B3 /* SocketAckManager.swift */; };
		66218A681CCD37C3003BD0B3 /* SocketAnyEvent.swift in Sources */ = {isa = PBXBuildFile; fileRef = 66218A521CCD37C3003BD0B3 /* SocketAnyEvent.swift */; };
		66218A691CCD37C3003BD0B3 /* SocketClientSpec.swift in Sources */ = {isa = PBXBuildFile; fileRef = 66218A531CCD37C3003BD0B3 /* SocketClientSpec.swift */; };
		66218A6A1CCD37C3003BD0B3 /* SocketEngine.swift in Sources */ = {isa = PBXBuildFile; fileRef = 66218A541CCD37C3003BD0B3 /* SocketEngine.swift */; };
		66218A6B1CCD37C3003BD0B3 /* SocketEngineClient.swift in Sources */ = {isa = PBXBuildFile; fileRef = 66218A551CCD37C3003BD0B3 /* SocketEngineClient.swift */; };
		66218A6C1CCD37C3003BD0B3 /* SocketEnginePacketType.swift in Sources */ = {isa = PBXBuildFile; fileRef = 66218A561CCD37C3003BD0B3 /* SocketEnginePacketType.swift */; };
		66218A6D1CCD37C3003BD0B3 /* SocketEnginePollable.swift in Sources */ = {isa = PBXBuildFile; fileRef = 66218A571CCD37C3003BD0B3 /* SocketEnginePollable.swift */; };
		66218A6E1CCD37C3003BD0B3 /* SocketEngineSpec.swift in Sources */ = {isa = PBXBuildFile; fileRef = 66218A581CCD37C3003BD0B3 /* SocketEngineSpec.swift */; };
		66218A6F1CCD37C3003BD0B3 /* SocketEngineWebsocket.swift in Sources */ = {isa = PBXBuildFile; fileRef = 66218A591CCD37C3003BD0B3 /* SocketEngineWebsocket.swift */; };
		66218A701CCD37C3003BD0B3 /* SocketEventHandler.swift in Sources */ = {isa = PBXBuildFile; fileRef = 66218A5A1CCD37C3003BD0B3 /* SocketEventHandler.swift */; };
		66218A711CCD37C3003BD0B3 /* SocketFixUTF8.swift in Sources */ = {isa = PBXBuildFile; fileRef = 66218A5B1CCD37C3003BD0B3 /* SocketFixUTF8.swift */; };
		66218A721CCD37C3003BD0B3 /* SocketIOClient.swift in Sources */ = {isa = PBXBuildFile; fileRef = 66218A5C1CCD37C3003BD0B3 /* SocketIOClient.swift */; };
		66218A731CCD37C3003BD0B3 /* SocketIOClientOption.swift in Sources */ = {isa = PBXBuildFile; fileRef = 66218A5D1CCD37C3003BD0B3 /* SocketIOClientOption.swift */; };
		66218A741CCD37C3003BD0B3 /* SocketIOClientStatus.swift in Sources */ = {isa = PBXBuildFile; fileRef = 66218A5E1CCD37C3003BD0B3 /* SocketIOClientStatus.swift */; };
		66218A751CCD37C3003BD0B3 /* SocketLogger.swift in Sources */ = {isa = PBXBuildFile; fileRef = 66218A5F1CCD37C3003BD0B3 /* SocketLogger.swift */; };
		66218A761CCD37C3003BD0B3 /* SocketPacket.swift in Sources */ = {isa = PBXBuildFile; fileRef = 66218A601CCD37C3003BD0B3 /* SocketPacket.swift */; };
		66218A771CCD37C3003BD0B3 /* SocketParsable.swift in Sources */ = {isa = PBXBuildFile; fileRef = 66218A611CCD37C3003BD0B3 /* SocketParsable.swift */; };
		66218A781CCD37C3003BD0B3 /* SocketStringReader.swift in Sources */ = {isa = PBXBuildFile; fileRef = 66218A621CCD37C3003BD0B3 /* SocketStringReader.swift */; };
		66218A791CCD37C3003BD0B3 /* SocketTypes.swift in Sources */ = {isa = PBXBuildFile; fileRef = 66218A631CCD37C3003BD0B3 /* SocketTypes.swift */; };
		66218A7A1CCD37C3003BD0B3 /* SwiftRegex.swift in Sources */ = {isa = PBXBuildFile; fileRef = 66218A641CCD37C3003BD0B3 /* SwiftRegex.swift */; };
		66218A7B1CCD37C3003BD0B3 /* WebSocket.swift in Sources */ = {isa = PBXBuildFile; fileRef = 66218A651CCD37C3003BD0B3 /* WebSocket.swift */; };
		66218A7F1CCD641D003BD0B3 /* OYEChatViewController.m in Sources */ = {isa = PBXBuildFile; fileRef = 66218A7D1CCD641D003BD0B3 /* OYEChatViewController.m */; };
		66218A801CCD641D003BD0B3 /* OYEChatViewController.xib in Resources */ = {isa = PBXBuildFile; fileRef = 66218A7E1CCD641D003BD0B3 /* OYEChatViewController.xib */; };
		66218A841CCD92A4003BD0B3 /* OYEChatMessageTableViewCell.m in Sources */ = {isa = PBXBuildFile; fileRef = 66218A821CCD92A4003BD0B3 /* OYEChatMessageTableViewCell.m */; };
		66218A851CCD92A4003BD0B3 /* OYEChatMessageTableViewCell.xib in Resources */ = {isa = PBXBuildFile; fileRef = 66218A831CCD92A4003BD0B3 /* OYEChatMessageTableViewCell.xib */; };
		66218A881CCD9861003BD0B3 /* OYEChatMessage.m in Sources */ = {isa = PBXBuildFile; fileRef = 66218A871CCD9861003BD0B3 /* OYEChatMessage.m */; };
		66218A941CD7136E003BD0B3 /* GoogleSignIn.framework in Frameworks */ = {isa = PBXBuildFile; fileRef = 66218A931CD7136E003BD0B3 /* GoogleSignIn.framework */; };
		66218A961CD71399003BD0B3 /* GoogleSignIn.bundle in Resources */ = {isa = PBXBuildFile; fileRef = 66218A951CD71399003BD0B3 /* GoogleSignIn.bundle */; };
		66218A981CD714EB003BD0B3 /* AddressBook.framework in Frameworks */ = {isa = PBXBuildFile; fileRef = 66218A971CD714EB003BD0B3 /* AddressBook.framework */; };
		66218A9A1CD714FC003BD0B3 /* SafariServices.framework in Frameworks */ = {isa = PBXBuildFile; fileRef = 66218A991CD714FC003BD0B3 /* SafariServices.framework */; };
		66218A9C1CD71511003BD0B3 /* SystemConfiguration.framework in Frameworks */ = {isa = PBXBuildFile; fileRef = 66218A9B1CD71511003BD0B3 /* SystemConfiguration.framework */; };
		66218A9E1CD71A14003BD0B3 /* GoogleService-Info.plist in Resources */ = {isa = PBXBuildFile; fileRef = 66218A9D1CD71A14003BD0B3 /* GoogleService-Info.plist */; };
		66218AA01CD727A2003BD0B3 /* libz.tbd in Frameworks */ = {isa = PBXBuildFile; fileRef = 66218A9F1CD727A2003BD0B3 /* libz.tbd */; };
		66218AA31CDC5783003BD0B3 /* OYEUserManager.m in Sources */ = {isa = PBXBuildFile; fileRef = 66218AA21CDC5783003BD0B3 /* OYEUserManager.m */; };
		66218AA61CDEA725003BD0B3 /* OYEGoogleSignOutButton.m in Sources */ = {isa = PBXBuildFile; fileRef = 66218AA51CDEA725003BD0B3 /* OYEGoogleSignOutButton.m */; };
		66218AA81CDEA759003BD0B3 /* OYEGoogleSignOutButton.xib in Resources */ = {isa = PBXBuildFile; fileRef = 66218AA71CDEA759003BD0B3 /* OYEGoogleSignOutButton.xib */; };
		66218AAB1CDEFD1B003BD0B3 /* OYEUserManager+Google.m in Sources */ = {isa = PBXBuildFile; fileRef = 66218AAA1CDEFD1B003BD0B3 /* OYEUserManager+Google.m */; };
		66218AAE1CDEFD64003BD0B3 /* OYEUserManager+Facebook.m in Sources */ = {isa = PBXBuildFile; fileRef = 66218AAD1CDEFD64003BD0B3 /* OYEUserManager+Facebook.m */; };
		66218AB01CE025C0003BD0B3 /* Bolts.framework in Frameworks */ = {isa = PBXBuildFile; fileRef = 66218AAF1CE025C0003BD0B3 /* Bolts.framework */; };
		66218AB21CE04395003BD0B3 /* Roboto-Medium.ttf in Resources */ = {isa = PBXBuildFile; fileRef = 66218AB11CE04395003BD0B3 /* Roboto-Medium.ttf */; };
		664128001C7ADD850028987B /* main.m in Sources */ = {isa = PBXBuildFile; fileRef = 664127FF1C7ADD850028987B /* main.m */; };
		664128031C7ADD850028987B /* AppDelegate.m in Sources */ = {isa = PBXBuildFile; fileRef = 664128021C7ADD850028987B /* AppDelegate.m */; };
		6641280C1C7ADD860028987B /* Main.storyboard in Resources */ = {isa = PBXBuildFile; fileRef = 6641280A1C7ADD860028987B /* Main.storyboard */; };
		6641280E1C7ADD860028987B /* Assets.xcassets in Resources */ = {isa = PBXBuildFile; fileRef = 6641280D1C7ADD860028987B /* Assets.xcassets */; };
		664128111C7ADD860028987B /* LaunchScreen.storyboard in Resources */ = {isa = PBXBuildFile; fileRef = 6641280F1C7ADD860028987B /* LaunchScreen.storyboard */; };
		6641281C1C7ADD860028987B /* Oye5Tests.m in Sources */ = {isa = PBXBuildFile; fileRef = 6641281B1C7ADD860028987B /* Oye5Tests.m */; };
		664128271C7ADD860028987B /* Oye5UITests.m in Sources */ = {isa = PBXBuildFile; fileRef = 664128261C7ADD860028987B /* Oye5UITests.m */; };
		664128F61C83C14C0028987B /* License Agreement for SF UI Font.pdf in Resources */ = {isa = PBXBuildFile; fileRef = 664128E01C83C14C0028987B /* License Agreement for SF UI Font.pdf */; };
		664128F71C83C14C0028987B /* SF-UI-Display-Black.otf in Resources */ = {isa = PBXBuildFile; fileRef = 664128E11C83C14C0028987B /* SF-UI-Display-Black.otf */; };
		664128F81C83C14C0028987B /* SF-UI-Display-Bold.otf in Resources */ = {isa = PBXBuildFile; fileRef = 664128E21C83C14C0028987B /* SF-UI-Display-Bold.otf */; };
		664128F91C83C14C0028987B /* SF-UI-Display-Heavy.otf in Resources */ = {isa = PBXBuildFile; fileRef = 664128E31C83C14C0028987B /* SF-UI-Display-Heavy.otf */; };
		664128FA1C83C14C0028987B /* SF-UI-Display-Light.otf in Resources */ = {isa = PBXBuildFile; fileRef = 664128E41C83C14C0028987B /* SF-UI-Display-Light.otf */; };
		664128FB1C83C14C0028987B /* SF-UI-Display-Medium.otf in Resources */ = {isa = PBXBuildFile; fileRef = 664128E51C83C14C0028987B /* SF-UI-Display-Medium.otf */; };
		664128FC1C83C14C0028987B /* SF-UI-Display-Regular.otf in Resources */ = {isa = PBXBuildFile; fileRef = 664128E61C83C14C0028987B /* SF-UI-Display-Regular.otf */; };
		664128FD1C83C14C0028987B /* SF-UI-Display-Semibold.otf in Resources */ = {isa = PBXBuildFile; fileRef = 664128E71C83C14C0028987B /* SF-UI-Display-Semibold.otf */; };
		664128FE1C83C14C0028987B /* SF-UI-Display-Thin.otf in Resources */ = {isa = PBXBuildFile; fileRef = 664128E81C83C14C0028987B /* SF-UI-Display-Thin.otf */; };
		664128FF1C83C14C0028987B /* SF-UI-Display-Ultralight.otf in Resources */ = {isa = PBXBuildFile; fileRef = 664128E91C83C14C0028987B /* SF-UI-Display-Ultralight.otf */; };
		664129001C83C14C0028987B /* SF-UI-Text-Bold.otf in Resources */ = {isa = PBXBuildFile; fileRef = 664128EA1C83C14C0028987B /* SF-UI-Text-Bold.otf */; };
		664129011C83C14C0028987B /* SF-UI-Text-BoldItalic.otf in Resources */ = {isa = PBXBuildFile; fileRef = 664128EB1C83C14C0028987B /* SF-UI-Text-BoldItalic.otf */; };
		664129021C83C14C0028987B /* SF-UI-Text-Heavy.otf in Resources */ = {isa = PBXBuildFile; fileRef = 664128EC1C83C14C0028987B /* SF-UI-Text-Heavy.otf */; };
		664129031C83C14C0028987B /* SF-UI-Text-HeavyItalic.otf in Resources */ = {isa = PBXBuildFile; fileRef = 664128ED1C83C14C0028987B /* SF-UI-Text-HeavyItalic.otf */; };
		664129041C83C14C0028987B /* SF-UI-Text-Light.otf in Resources */ = {isa = PBXBuildFile; fileRef = 664128EE1C83C14C0028987B /* SF-UI-Text-Light.otf */; };
		664129051C83C14C0028987B /* SF-UI-Text-LightItalic.otf in Resources */ = {isa = PBXBuildFile; fileRef = 664128EF1C83C14C0028987B /* SF-UI-Text-LightItalic.otf */; };
		664129061C83C14C0028987B /* SF-UI-Text-Medium.otf in Resources */ = {isa = PBXBuildFile; fileRef = 664128F01C83C14C0028987B /* SF-UI-Text-Medium.otf */; };
		664129071C83C14C0028987B /* SF-UI-Text-MediumItalic.otf in Resources */ = {isa = PBXBuildFile; fileRef = 664128F11C83C14C0028987B /* SF-UI-Text-MediumItalic.otf */; };
		664129081C83C14C0028987B /* SF-UI-Text-Regular.otf in Resources */ = {isa = PBXBuildFile; fileRef = 664128F21C83C14C0028987B /* SF-UI-Text-Regular.otf */; };
		664129091C83C14C0028987B /* SF-UI-Text-RegularItalic.otf in Resources */ = {isa = PBXBuildFile; fileRef = 664128F31C83C14C0028987B /* SF-UI-Text-RegularItalic.otf */; };
		6641290A1C83C14C0028987B /* SF-UI-Text-Semibold.otf in Resources */ = {isa = PBXBuildFile; fileRef = 664128F41C83C14C0028987B /* SF-UI-Text-Semibold.otf */; };
		6641290B1C83C14C0028987B /* SF-UI-Text-SemiboldItalic.otf in Resources */ = {isa = PBXBuildFile; fileRef = 664128F51C83C14C0028987B /* SF-UI-Text-SemiboldItalic.otf */; };
		666241421CA0FD3B003C9C06 /* AFNetworking.framework in Frameworks */ = {isa = PBXBuildFile; fileRef = 666241401CA0FD3B003C9C06 /* AFNetworking.framework */; };
		666241431CA0FD3B003C9C06 /* CocoaLumberjack.framework in Frameworks */ = {isa = PBXBuildFile; fileRef = 666241411CA0FD3B003C9C06 /* CocoaLumberjack.framework */; };
		6662414C1CA63A61003C9C06 /* MTSMotisObject.m in Sources */ = {isa = PBXBuildFile; fileRef = 666241491CA63A61003C9C06 /* MTSMotisObject.m */; };
		6662414D1CA63A61003C9C06 /* NSObject+Motis.m in Sources */ = {isa = PBXBuildFile; fileRef = 6662414B1CA63A61003C9C06 /* NSObject+Motis.m */; };
		666241531CA647F1003C9C06 /* OYELocation.m in Sources */ = {isa = PBXBuildFile; fileRef = 666241521CA647F1003C9C06 /* OYELocation.m */; };
		666241551CA6FE17003C9C06 /* FBSDKLoginKit.framework in Frameworks */ = {isa = PBXBuildFile; fileRef = 666241541CA6FE17003C9C06 /* FBSDKLoginKit.framework */; };
		666241571CA6FE52003C9C06 /* FBSDKCoreKit.framework in Frameworks */ = {isa = PBXBuildFile; fileRef = 666241561CA6FE52003C9C06 /* FBSDKCoreKit.framework */; };
		6662415B1CA6FFDC003C9C06 /* OYELoginViewController.m in Sources */ = {isa = PBXBuildFile; fileRef = 666241591CA6FFDC003C9C06 /* OYELoginViewController.m */; };
		6662415C1CA6FFDC003C9C06 /* OYELoginViewController.xib in Resources */ = {isa = PBXBuildFile; fileRef = 6662415A1CA6FFDC003C9C06 /* OYELoginViewController.xib */; };
		6662415F1CA70BEB003C9C06 /* UIView+Extensions.m in Sources */ = {isa = PBXBuildFile; fileRef = 6662415E1CA70BEB003C9C06 /* UIView+Extensions.m */; };
		666241611CA72382003C9C06 /* FBSDKMessengerShareKit.framework in Frameworks */ = {isa = PBXBuildFile; fileRef = 666241601CA72382003C9C06 /* FBSDKMessengerShareKit.framework */; };
		666241631CA7238F003C9C06 /* FBSDKShareKit.framework in Frameworks */ = {isa = PBXBuildFile; fileRef = 666241621CA7238F003C9C06 /* FBSDKShareKit.framework */; };
		666241691CA73CE4003C9C06 /* OYELoggedInViewController.m in Sources */ = {isa = PBXBuildFile; fileRef = 666241681CA73CE4003C9C06 /* OYELoggedInViewController.m */; };
		6662416C1CA7A215003C9C06 /* OYEItemShareTableViewCell.m in Sources */ = {isa = PBXBuildFile; fileRef = 6662416B1CA7A215003C9C06 /* OYEItemShareTableViewCell.m */; };
		6662416E1CA7A23A003C9C06 /* OYEItemShareTableViewCell.xib in Resources */ = {isa = PBXBuildFile; fileRef = 6662416D1CA7A23A003C9C06 /* OYEItemShareTableViewCell.xib */; };
		666241701CA7C598003C9C06 /* MessageUI.framework in Frameworks */ = {isa = PBXBuildFile; fileRef = 6662416F1CA7C598003C9C06 /* MessageUI.framework */; };
		666241731CA84749003C9C06 /* OYEUser.m in Sources */ = {isa = PBXBuildFile; fileRef = 666241721CA84749003C9C06 /* OYEUser.m */; };
/* End PBXBuildFile section */

/* Begin PBXContainerItemProxy section */
		664128181C7ADD860028987B /* PBXContainerItemProxy */ = {
			isa = PBXContainerItemProxy;
			containerPortal = 664127F31C7ADD850028987B /* Project object */;
			proxyType = 1;
			remoteGlobalIDString = 664127FA1C7ADD850028987B;
			remoteInfo = Oye5;
		};
		664128231C7ADD860028987B /* PBXContainerItemProxy */ = {
			isa = PBXContainerItemProxy;
			containerPortal = 664127F31C7ADD850028987B /* Project object */;
			proxyType = 1;
			remoteGlobalIDString = 664127FA1C7ADD850028987B;
			remoteInfo = Oye5;
		};
/* End PBXContainerItemProxy section */

/* Begin PBXFileReference section */
		6617D5341C95252200101292 /* OYEHomeCollectionViewController.h */ = {isa = PBXFileReference; fileEncoding = 4; lastKnownFileType = sourcecode.c.h; name = OYEHomeCollectionViewController.h; path = Source/ViewControllers/OYEHomeCollectionViewController.h; sourceTree = "<group>"; };
		6617D5351C95252200101292 /* OYEHomeCollectionViewController.m */ = {isa = PBXFileReference; fileEncoding = 4; lastKnownFileType = sourcecode.c.objc; name = OYEHomeCollectionViewController.m; path = Source/ViewControllers/OYEHomeCollectionViewController.m; sourceTree = "<group>"; };
		6617D5371C95253400101292 /* OYESearchViewController.h */ = {isa = PBXFileReference; fileEncoding = 4; lastKnownFileType = sourcecode.c.h; name = OYESearchViewController.h; path = Source/ViewControllers/OYESearchViewController.h; sourceTree = "<group>"; };
		6617D5381C95253400101292 /* OYESearchViewController.m */ = {isa = PBXFileReference; fileEncoding = 4; lastKnownFileType = sourcecode.c.objc; name = OYESearchViewController.m; path = Source/ViewControllers/OYESearchViewController.m; sourceTree = "<group>"; };
		6617D53A1C95254100101292 /* OYESellViewController.h */ = {isa = PBXFileReference; fileEncoding = 4; lastKnownFileType = sourcecode.c.h; name = OYESellViewController.h; path = Source/ViewControllers/OYESellViewController.h; sourceTree = "<group>"; };
		6617D53B1C95254100101292 /* OYESellViewController.m */ = {isa = PBXFileReference; fileEncoding = 4; lastKnownFileType = sourcecode.c.objc; name = OYESellViewController.m; path = Source/ViewControllers/OYESellViewController.m; sourceTree = "<group>"; };
		6617D53D1C95255600101292 /* OYEChatsViewController.h */ = {isa = PBXFileReference; fileEncoding = 4; lastKnownFileType = sourcecode.c.h; name = OYEChatsViewController.h; path = Source/ViewControllers/OYEChatsViewController.h; sourceTree = "<group>"; };
		6617D53E1C95255600101292 /* OYEChatsViewController.m */ = {isa = PBXFileReference; fileEncoding = 4; lastKnownFileType = sourcecode.c.objc; name = OYEChatsViewController.m; path = Source/ViewControllers/OYEChatsViewController.m; sourceTree = "<group>"; };
		6617D5401C95256900101292 /* OYEItemViewController.h */ = {isa = PBXFileReference; fileEncoding = 4; lastKnownFileType = sourcecode.c.h; name = OYEItemViewController.h; path = Source/ViewControllers/OYEItemViewController.h; sourceTree = "<group>"; };
		6617D5411C95256900101292 /* OYEItemViewController.m */ = {isa = PBXFileReference; fileEncoding = 4; lastKnownFileType = sourcecode.c.objc; name = OYEItemViewController.m; path = Source/ViewControllers/OYEItemViewController.m; sourceTree = "<group>"; };
		6617D5421C95256900101292 /* OYEItemViewController.xib */ = {isa = PBXFileReference; fileEncoding = 4; lastKnownFileType = file.xib; name = OYEItemViewController.xib; path = Source/ViewControllers/OYEItemViewController.xib; sourceTree = "<group>"; };
		6617D5451C95257E00101292 /* OYEItemCollectionViewCell.h */ = {isa = PBXFileReference; fileEncoding = 4; lastKnownFileType = sourcecode.c.h; name = OYEItemCollectionViewCell.h; path = Source/Views/OYEItemCollectionViewCell.h; sourceTree = "<group>"; };
		6617D5461C95257E00101292 /* OYEItemCollectionViewCell.m */ = {isa = PBXFileReference; fileEncoding = 4; lastKnownFileType = sourcecode.c.objc; name = OYEItemCollectionViewCell.m; path = Source/Views/OYEItemCollectionViewCell.m; sourceTree = "<group>"; };
		6617D5471C95257E00101292 /* OYEItemCollectionViewCell.xib */ = {isa = PBXFileReference; fileEncoding = 4; lastKnownFileType = file.xib; name = OYEItemCollectionViewCell.xib; path = Source/Views/OYEItemCollectionViewCell.xib; sourceTree = "<group>"; };
		6617D54A1C95259400101292 /* UIColor+Extensions.h */ = {isa = PBXFileReference; fileEncoding = 4; lastKnownFileType = sourcecode.c.h; name = "UIColor+Extensions.h"; path = "Source/Categories/UIColor+Extensions.h"; sourceTree = "<group>"; };
		6617D54B1C95259400101292 /* UIColor+Extensions.m */ = {isa = PBXFileReference; fileEncoding = 4; lastKnownFileType = sourcecode.c.objc; name = "UIColor+Extensions.m"; path = "Source/Categories/UIColor+Extensions.m"; sourceTree = "<group>"; };
		6617D54C1C95259400101292 /* UIFont+Extensions.h */ = {isa = PBXFileReference; fileEncoding = 4; lastKnownFileType = sourcecode.c.h; name = "UIFont+Extensions.h"; path = "Source/Categories/UIFont+Extensions.h"; sourceTree = "<group>"; };
		6617D54D1C95259400101292 /* UIFont+Extensions.m */ = {isa = PBXFileReference; fileEncoding = 4; lastKnownFileType = sourcecode.c.objc; name = "UIFont+Extensions.m"; path = "Source/Categories/UIFont+Extensions.m"; sourceTree = "<group>"; };
		6617D5501C9525A500101292 /* OYELogFormatter.h */ = {isa = PBXFileReference; fileEncoding = 4; lastKnownFileType = sourcecode.c.h; name = OYELogFormatter.h; path = Source/Other/OYELogFormatter.h; sourceTree = "<group>"; };
		6617D5511C9525A500101292 /* OYELogFormatter.m */ = {isa = PBXFileReference; fileEncoding = 4; lastKnownFileType = sourcecode.c.objc; name = OYELogFormatter.m; path = Source/Other/OYELogFormatter.m; sourceTree = "<group>"; };
		6617D5531C9525CC00101292 /* OYEProfileViewController.h */ = {isa = PBXFileReference; fileEncoding = 4; lastKnownFileType = sourcecode.c.h; name = OYEProfileViewController.h; path = Source/ViewControllers/OYEProfileViewController.h; sourceTree = "<group>"; };
		6617D5541C9525CC00101292 /* OYEProfileViewController.m */ = {isa = PBXFileReference; fileEncoding = 4; lastKnownFileType = sourcecode.c.objc; name = OYEProfileViewController.m; path = Source/ViewControllers/OYEProfileViewController.m; sourceTree = "<group>"; };
		6617D5561C9525F300101292 /* OYEItem.h */ = {isa = PBXFileReference; fileEncoding = 4; lastKnownFileType = sourcecode.c.h; name = OYEItem.h; path = Source/Models/OYEItem.h; sourceTree = "<group>"; };
		6617D5571C9525F300101292 /* OYEItem.m */ = {isa = PBXFileReference; fileEncoding = 4; lastKnownFileType = sourcecode.c.objc; name = OYEItem.m; path = Source/Models/OYEItem.m; sourceTree = "<group>"; };
		6617D5601C96180800101292 /* OYEItemDetailTableViewCell.h */ = {isa = PBXFileReference; fileEncoding = 4; lastKnownFileType = sourcecode.c.h; name = OYEItemDetailTableViewCell.h; path = Source/Views/OYEItemDetailTableViewCell.h; sourceTree = "<group>"; };
		6617D5611C96180800101292 /* OYEItemDetailTableViewCell.m */ = {isa = PBXFileReference; fileEncoding = 4; lastKnownFileType = sourcecode.c.objc; name = OYEItemDetailTableViewCell.m; path = Source/Views/OYEItemDetailTableViewCell.m; sourceTree = "<group>"; };
		6617D5621C96180800101292 /* OYEItemDetailTableViewCell.xib */ = {isa = PBXFileReference; fileEncoding = 4; lastKnownFileType = file.xib; name = OYEItemDetailTableViewCell.xib; path = Source/Views/OYEItemDetailTableViewCell.xib; sourceTree = "<group>"; };
		6617D5651C961F4100101292 /* UIButton+Extensions.h */ = {isa = PBXFileReference; fileEncoding = 4; lastKnownFileType = sourcecode.c.h; name = "UIButton+Extensions.h"; path = "Source/Categories/UIButton+Extensions.h"; sourceTree = "<group>"; };
		6617D5661C961F4100101292 /* UIButton+Extensions.m */ = {isa = PBXFileReference; fileEncoding = 4; lastKnownFileType = sourcecode.c.objc; name = "UIButton+Extensions.m"; path = "Source/Categories/UIButton+Extensions.m"; sourceTree = "<group>"; };
		6617D5681C96224700101292 /* OYEItemLocationTableViewCell.h */ = {isa = PBXFileReference; fileEncoding = 4; lastKnownFileType = sourcecode.c.h; name = OYEItemLocationTableViewCell.h; path = Source/Views/OYEItemLocationTableViewCell.h; sourceTree = "<group>"; };
		6617D5691C96224700101292 /* OYEItemLocationTableViewCell.m */ = {isa = PBXFileReference; fileEncoding = 4; lastKnownFileType = sourcecode.c.objc; name = OYEItemLocationTableViewCell.m; path = Source/Views/OYEItemLocationTableViewCell.m; sourceTree = "<group>"; };
		6617D56A1C96224700101292 /* OYEItemLocationTableViewCell.xib */ = {isa = PBXFileReference; fileEncoding = 4; lastKnownFileType = file.xib; name = OYEItemLocationTableViewCell.xib; path = Source/Views/OYEItemLocationTableViewCell.xib; sourceTree = "<group>"; };
		6617D56D1C9626EE00101292 /* OYEItemImageViewController.h */ = {isa = PBXFileReference; fileEncoding = 4; lastKnownFileType = sourcecode.c.h; name = OYEItemImageViewController.h; path = Source/ViewControllers/OYEItemImageViewController.h; sourceTree = "<group>"; };
		6617D56E1C9626EE00101292 /* OYEItemImageViewController.m */ = {isa = PBXFileReference; fileEncoding = 4; lastKnownFileType = sourcecode.c.objc; name = OYEItemImageViewController.m; path = Source/ViewControllers/OYEItemImageViewController.m; sourceTree = "<group>"; };
		6617D56F1C9626EE00101292 /* OYEItemImageViewController.xib */ = {isa = PBXFileReference; fileEncoding = 4; lastKnownFileType = file.xib; name = OYEItemImageViewController.xib; path = Source/ViewControllers/OYEItemImageViewController.xib; sourceTree = "<group>"; };
		6617D5721C96451600101292 /* OYEBaseTableViewCell.h */ = {isa = PBXFileReference; fileEncoding = 4; lastKnownFileType = sourcecode.c.h; name = OYEBaseTableViewCell.h; path = Source/Views/OYEBaseTableViewCell.h; sourceTree = "<group>"; };
		6617D5731C96451600101292 /* OYEBaseTableViewCell.m */ = {isa = PBXFileReference; fileEncoding = 4; lastKnownFileType = sourcecode.c.objc; name = OYEBaseTableViewCell.m; path = Source/Views/OYEBaseTableViewCell.m; sourceTree = "<group>"; };
		6617D5751C96502D00101292 /* CoreLocation.framework */ = {isa = PBXFileReference; lastKnownFileType = wrapper.framework; name = CoreLocation.framework; path = System/Library/Frameworks/CoreLocation.framework; sourceTree = SDKROOT; };
		6617D5781C9A356700101292 /* OYEItemLocationAnnotation.h */ = {isa = PBXFileReference; fileEncoding = 4; lastKnownFileType = sourcecode.c.h; name = OYEItemLocationAnnotation.h; path = Source/Other/OYEItemLocationAnnotation.h; sourceTree = "<group>"; };
		6617D5791C9A356700101292 /* OYEItemLocationAnnotation.m */ = {isa = PBXFileReference; fileEncoding = 4; lastKnownFileType = sourcecode.c.objc; name = OYEItemLocationAnnotation.m; path = Source/Other/OYEItemLocationAnnotation.m; sourceTree = "<group>"; };
		6617D5871C9DD78300101292 /* OYEItemManager.h */ = {isa = PBXFileReference; fileEncoding = 4; lastKnownFileType = sourcecode.c.h; name = OYEItemManager.h; path = Oye5/Source/ModelManagers/OYEItemManager.h; sourceTree = "<group>"; };
		6617D5881C9DD78300101292 /* OYEItemManager.m */ = {isa = PBXFileReference; fileEncoding = 4; lastKnownFileType = sourcecode.c.objc; name = OYEItemManager.m; path = Oye5/Source/ModelManagers/OYEItemManager.m; sourceTree = "<group>"; };
		6617D58A1C9DD81700101292 /* OYEModelManager.h */ = {isa = PBXFileReference; fileEncoding = 4; lastKnownFileType = sourcecode.c.h; name = OYEModelManager.h; path = Oye5/Source/ModelManagers/OYEModelManager.h; sourceTree = "<group>"; };
		6617D58B1C9DD81700101292 /* OYEModelManager.m */ = {isa = PBXFileReference; fileEncoding = 4; lastKnownFileType = sourcecode.c.objc; name = OYEModelManager.m; path = Oye5/Source/ModelManagers/OYEModelManager.m; sourceTree = "<group>"; };
		66218A4F1CCD37C2003BD0B3 /* Oye5-Bridging-Header.h */ = {isa = PBXFileReference; lastKnownFileType = sourcecode.c.h; path = "Oye5-Bridging-Header.h"; sourceTree = "<group>"; };
		66218A501CCD37C3003BD0B3 /* SocketAckEmitter.swift */ = {isa = PBXFileReference; fileEncoding = 4; lastKnownFileType = sourcecode.swift; name = SocketAckEmitter.swift; path = Oye5/ThirdParty/SocketIOClientSwift/SocketAckEmitter.swift; sourceTree = "<group>"; };
		66218A511CCD37C3003BD0B3 /* SocketAckManager.swift */ = {isa = PBXFileReference; fileEncoding = 4; lastKnownFileType = sourcecode.swift; name = SocketAckManager.swift; path = Oye5/ThirdParty/SocketIOClientSwift/SocketAckManager.swift; sourceTree = "<group>"; };
		66218A521CCD37C3003BD0B3 /* SocketAnyEvent.swift */ = {isa = PBXFileReference; fileEncoding = 4; lastKnownFileType = sourcecode.swift; name = SocketAnyEvent.swift; path = Oye5/ThirdParty/SocketIOClientSwift/SocketAnyEvent.swift; sourceTree = "<group>"; };
		66218A531CCD37C3003BD0B3 /* SocketClientSpec.swift */ = {isa = PBXFileReference; fileEncoding = 4; lastKnownFileType = sourcecode.swift; name = SocketClientSpec.swift; path = Oye5/ThirdParty/SocketIOClientSwift/SocketClientSpec.swift; sourceTree = "<group>"; };
		66218A541CCD37C3003BD0B3 /* SocketEngine.swift */ = {isa = PBXFileReference; fileEncoding = 4; lastKnownFileType = sourcecode.swift; name = SocketEngine.swift; path = Oye5/ThirdParty/SocketIOClientSwift/SocketEngine.swift; sourceTree = "<group>"; };
		66218A551CCD37C3003BD0B3 /* SocketEngineClient.swift */ = {isa = PBXFileReference; fileEncoding = 4; lastKnownFileType = sourcecode.swift; name = SocketEngineClient.swift; path = Oye5/ThirdParty/SocketIOClientSwift/SocketEngineClient.swift; sourceTree = "<group>"; };
		66218A561CCD37C3003BD0B3 /* SocketEnginePacketType.swift */ = {isa = PBXFileReference; fileEncoding = 4; lastKnownFileType = sourcecode.swift; name = SocketEnginePacketType.swift; path = Oye5/ThirdParty/SocketIOClientSwift/SocketEnginePacketType.swift; sourceTree = "<group>"; };
		66218A571CCD37C3003BD0B3 /* SocketEnginePollable.swift */ = {isa = PBXFileReference; fileEncoding = 4; lastKnownFileType = sourcecode.swift; name = SocketEnginePollable.swift; path = Oye5/ThirdParty/SocketIOClientSwift/SocketEnginePollable.swift; sourceTree = "<group>"; };
		66218A581CCD37C3003BD0B3 /* SocketEngineSpec.swift */ = {isa = PBXFileReference; fileEncoding = 4; lastKnownFileType = sourcecode.swift; name = SocketEngineSpec.swift; path = Oye5/ThirdParty/SocketIOClientSwift/SocketEngineSpec.swift; sourceTree = "<group>"; };
		66218A591CCD37C3003BD0B3 /* SocketEngineWebsocket.swift */ = {isa = PBXFileReference; fileEncoding = 4; lastKnownFileType = sourcecode.swift; name = SocketEngineWebsocket.swift; path = Oye5/ThirdParty/SocketIOClientSwift/SocketEngineWebsocket.swift; sourceTree = "<group>"; };
		66218A5A1CCD37C3003BD0B3 /* SocketEventHandler.swift */ = {isa = PBXFileReference; fileEncoding = 4; lastKnownFileType = sourcecode.swift; name = SocketEventHandler.swift; path = Oye5/ThirdParty/SocketIOClientSwift/SocketEventHandler.swift; sourceTree = "<group>"; };
		66218A5B1CCD37C3003BD0B3 /* SocketFixUTF8.swift */ = {isa = PBXFileReference; fileEncoding = 4; lastKnownFileType = sourcecode.swift; name = SocketFixUTF8.swift; path = Oye5/ThirdParty/SocketIOClientSwift/SocketFixUTF8.swift; sourceTree = "<group>"; };
		66218A5C1CCD37C3003BD0B3 /* SocketIOClient.swift */ = {isa = PBXFileReference; fileEncoding = 4; lastKnownFileType = sourcecode.swift; name = SocketIOClient.swift; path = Oye5/ThirdParty/SocketIOClientSwift/SocketIOClient.swift; sourceTree = "<group>"; };
		66218A5D1CCD37C3003BD0B3 /* SocketIOClientOption.swift */ = {isa = PBXFileReference; fileEncoding = 4; lastKnownFileType = sourcecode.swift; name = SocketIOClientOption.swift; path = Oye5/ThirdParty/SocketIOClientSwift/SocketIOClientOption.swift; sourceTree = "<group>"; };
		66218A5E1CCD37C3003BD0B3 /* SocketIOClientStatus.swift */ = {isa = PBXFileReference; fileEncoding = 4; lastKnownFileType = sourcecode.swift; name = SocketIOClientStatus.swift; path = Oye5/ThirdParty/SocketIOClientSwift/SocketIOClientStatus.swift; sourceTree = "<group>"; };
		66218A5F1CCD37C3003BD0B3 /* SocketLogger.swift */ = {isa = PBXFileReference; fileEncoding = 4; lastKnownFileType = sourcecode.swift; name = SocketLogger.swift; path = Oye5/ThirdParty/SocketIOClientSwift/SocketLogger.swift; sourceTree = "<group>"; };
		66218A601CCD37C3003BD0B3 /* SocketPacket.swift */ = {isa = PBXFileReference; fileEncoding = 4; lastKnownFileType = sourcecode.swift; name = SocketPacket.swift; path = Oye5/ThirdParty/SocketIOClientSwift/SocketPacket.swift; sourceTree = "<group>"; };
		66218A611CCD37C3003BD0B3 /* SocketParsable.swift */ = {isa = PBXFileReference; fileEncoding = 4; lastKnownFileType = sourcecode.swift; name = SocketParsable.swift; path = Oye5/ThirdParty/SocketIOClientSwift/SocketParsable.swift; sourceTree = "<group>"; };
		66218A621CCD37C3003BD0B3 /* SocketStringReader.swift */ = {isa = PBXFileReference; fileEncoding = 4; lastKnownFileType = sourcecode.swift; name = SocketStringReader.swift; path = Oye5/ThirdParty/SocketIOClientSwift/SocketStringReader.swift; sourceTree = "<group>"; };
		66218A631CCD37C3003BD0B3 /* SocketTypes.swift */ = {isa = PBXFileReference; fileEncoding = 4; lastKnownFileType = sourcecode.swift; name = SocketTypes.swift; path = Oye5/ThirdParty/SocketIOClientSwift/SocketTypes.swift; sourceTree = "<group>"; };
		66218A641CCD37C3003BD0B3 /* SwiftRegex.swift */ = {isa = PBXFileReference; fileEncoding = 4; lastKnownFileType = sourcecode.swift; name = SwiftRegex.swift; path = Oye5/ThirdParty/SocketIOClientSwift/SwiftRegex.swift; sourceTree = "<group>"; };
		66218A651CCD37C3003BD0B3 /* WebSocket.swift */ = {isa = PBXFileReference; fileEncoding = 4; lastKnownFileType = sourcecode.swift; name = WebSocket.swift; path = Oye5/ThirdParty/SocketIOClientSwift/WebSocket.swift; sourceTree = "<group>"; };
		66218A7C1CCD641D003BD0B3 /* OYEChatViewController.h */ = {isa = PBXFileReference; fileEncoding = 4; lastKnownFileType = sourcecode.c.h; name = OYEChatViewController.h; path = Source/ViewControllers/OYEChatViewController.h; sourceTree = "<group>"; };
		66218A7D1CCD641D003BD0B3 /* OYEChatViewController.m */ = {isa = PBXFileReference; fileEncoding = 4; lastKnownFileType = sourcecode.c.objc; name = OYEChatViewController.m; path = Source/ViewControllers/OYEChatViewController.m; sourceTree = "<group>"; };
		66218A7E1CCD641D003BD0B3 /* OYEChatViewController.xib */ = {isa = PBXFileReference; fileEncoding = 4; lastKnownFileType = file.xib; name = OYEChatViewController.xib; path = Source/ViewControllers/OYEChatViewController.xib; sourceTree = "<group>"; };
		66218A811CCD92A4003BD0B3 /* OYEChatMessageTableViewCell.h */ = {isa = PBXFileReference; fileEncoding = 4; lastKnownFileType = sourcecode.c.h; name = OYEChatMessageTableViewCell.h; path = Source/Views/OYEChatMessageTableViewCell.h; sourceTree = "<group>"; };
		66218A821CCD92A4003BD0B3 /* OYEChatMessageTableViewCell.m */ = {isa = PBXFileReference; fileEncoding = 4; lastKnownFileType = sourcecode.c.objc; name = OYEChatMessageTableViewCell.m; path = Source/Views/OYEChatMessageTableViewCell.m; sourceTree = "<group>"; };
		66218A831CCD92A4003BD0B3 /* OYEChatMessageTableViewCell.xib */ = {isa = PBXFileReference; fileEncoding = 4; lastKnownFileType = file.xib; name = OYEChatMessageTableViewCell.xib; path = Source/Views/OYEChatMessageTableViewCell.xib; sourceTree = "<group>"; };
		66218A861CCD9861003BD0B3 /* OYEChatMessage.h */ = {isa = PBXFileReference; fileEncoding = 4; lastKnownFileType = sourcecode.c.h; name = OYEChatMessage.h; path = Source/Models/OYEChatMessage.h; sourceTree = "<group>"; };
		66218A871CCD9861003BD0B3 /* OYEChatMessage.m */ = {isa = PBXFileReference; fileEncoding = 4; lastKnownFileType = sourcecode.c.objc; name = OYEChatMessage.m; path = Source/Models/OYEChatMessage.m; sourceTree = "<group>"; };
		66218A931CD7136E003BD0B3 /* GoogleSignIn.framework */ = {isa = PBXFileReference; lastKnownFileType = wrapper.framework; name = GoogleSignIn.framework; path = Oye5/ThirdParty/GoogleSignIn/GoogleSignIn.framework; sourceTree = "<group>"; };
		66218A951CD71399003BD0B3 /* GoogleSignIn.bundle */ = {isa = PBXFileReference; lastKnownFileType = "wrapper.plug-in"; name = GoogleSignIn.bundle; path = Oye5/ThirdParty/GoogleSignIn/GoogleSignIn.bundle; sourceTree = "<group>"; };
		66218A971CD714EB003BD0B3 /* AddressBook.framework */ = {isa = PBXFileReference; lastKnownFileType = wrapper.framework; name = AddressBook.framework; path = System/Library/Frameworks/AddressBook.framework; sourceTree = SDKROOT; };
		66218A991CD714FC003BD0B3 /* SafariServices.framework */ = {isa = PBXFileReference; lastKnownFileType = wrapper.framework; name = SafariServices.framework; path = System/Library/Frameworks/SafariServices.framework; sourceTree = SDKROOT; };
		66218A9B1CD71511003BD0B3 /* SystemConfiguration.framework */ = {isa = PBXFileReference; lastKnownFileType = wrapper.framework; name = SystemConfiguration.framework; path = System/Library/Frameworks/SystemConfiguration.framework; sourceTree = SDKROOT; };
		66218A9D1CD71A14003BD0B3 /* GoogleService-Info.plist */ = {isa = PBXFileReference; fileEncoding = 4; lastKnownFileType = text.plist.xml; path = "GoogleService-Info.plist"; sourceTree = SOURCE_ROOT; };
		66218A9F1CD727A2003BD0B3 /* libz.tbd */ = {isa = PBXFileReference; lastKnownFileType = "sourcecode.text-based-dylib-definition"; name = libz.tbd; path = usr/lib/libz.tbd; sourceTree = SDKROOT; };
		66218AA11CDC5783003BD0B3 /* OYEUserManager.h */ = {isa = PBXFileReference; fileEncoding = 4; lastKnownFileType = sourcecode.c.h; name = OYEUserManager.h; path = Oye5/Source/ModelManagers/OYEUserManager.h; sourceTree = "<group>"; };
		66218AA21CDC5783003BD0B3 /* OYEUserManager.m */ = {isa = PBXFileReference; fileEncoding = 4; lastKnownFileType = sourcecode.c.objc; name = OYEUserManager.m; path = Oye5/Source/ModelManagers/OYEUserManager.m; sourceTree = "<group>"; };
		66218AA41CDEA725003BD0B3 /* OYEGoogleSignOutButton.h */ = {isa = PBXFileReference; fileEncoding = 4; lastKnownFileType = sourcecode.c.h; name = OYEGoogleSignOutButton.h; path = Source/Views/OYEGoogleSignOutButton.h; sourceTree = "<group>"; };
		66218AA51CDEA725003BD0B3 /* OYEGoogleSignOutButton.m */ = {isa = PBXFileReference; fileEncoding = 4; lastKnownFileType = sourcecode.c.objc; name = OYEGoogleSignOutButton.m; path = Source/Views/OYEGoogleSignOutButton.m; sourceTree = "<group>"; };
		66218AA71CDEA759003BD0B3 /* OYEGoogleSignOutButton.xib */ = {isa = PBXFileReference; fileEncoding = 4; lastKnownFileType = file.xib; name = OYEGoogleSignOutButton.xib; path = Source/Views/OYEGoogleSignOutButton.xib; sourceTree = "<group>"; };
		66218AA91CDEFD1B003BD0B3 /* OYEUserManager+Google.h */ = {isa = PBXFileReference; fileEncoding = 4; lastKnownFileType = sourcecode.c.h; name = "OYEUserManager+Google.h"; path = "Oye5/Source/Categories/OYEUserManager+Google.h"; sourceTree = "<group>"; };
		66218AAA1CDEFD1B003BD0B3 /* OYEUserManager+Google.m */ = {isa = PBXFileReference; fileEncoding = 4; lastKnownFileType = sourcecode.c.objc; name = "OYEUserManager+Google.m"; path = "Oye5/Source/Categories/OYEUserManager+Google.m"; sourceTree = "<group>"; };
		66218AAC1CDEFD64003BD0B3 /* OYEUserManager+Facebook.h */ = {isa = PBXFileReference; fileEncoding = 4; lastKnownFileType = sourcecode.c.h; name = "OYEUserManager+Facebook.h"; path = "Oye5/Source/Categories/OYEUserManager+Facebook.h"; sourceTree = "<group>"; };
		66218AAD1CDEFD64003BD0B3 /* OYEUserManager+Facebook.m */ = {isa = PBXFileReference; fileEncoding = 4; lastKnownFileType = sourcecode.c.objc; name = "OYEUserManager+Facebook.m"; path = "Oye5/Source/Categories/OYEUserManager+Facebook.m"; sourceTree = "<group>"; };
		66218AAF1CE025C0003BD0B3 /* Bolts.framework */ = {isa = PBXFileReference; lastKnownFileType = wrapper.framework; name = Bolts.framework; path = Oye5/ThirdParty/Facebook/Bolts.framework; sourceTree = "<group>"; };
		66218AB11CE04395003BD0B3 /* Roboto-Medium.ttf */ = {isa = PBXFileReference; lastKnownFileType = file; name = "Roboto-Medium.ttf"; path = "Fonts/Roboto/Roboto-Medium.ttf"; sourceTree = "<group>"; };
		664127FB1C7ADD850028987B /* Oye5.app */ = {isa = PBXFileReference; explicitFileType = wrapper.application; includeInIndex = 0; path = Oye5.app; sourceTree = BUILT_PRODUCTS_DIR; };
		664127FF1C7ADD850028987B /* main.m */ = {isa = PBXFileReference; lastKnownFileType = sourcecode.c.objc; path = main.m; sourceTree = "<group>"; };
		664128011C7ADD850028987B /* AppDelegate.h */ = {isa = PBXFileReference; lastKnownFileType = sourcecode.c.h; path = AppDelegate.h; sourceTree = "<group>"; };
		664128021C7ADD850028987B /* AppDelegate.m */ = {isa = PBXFileReference; lastKnownFileType = sourcecode.c.objc; path = AppDelegate.m; sourceTree = "<group>"; };
		6641280B1C7ADD860028987B /* Base */ = {isa = PBXFileReference; lastKnownFileType = file.storyboard; name = Base; path = Base.lproj/Main.storyboard; sourceTree = "<group>"; };
		6641280D1C7ADD860028987B /* Assets.xcassets */ = {isa = PBXFileReference; lastKnownFileType = folder.assetcatalog; path = Assets.xcassets; sourceTree = "<group>"; };
		664128101C7ADD860028987B /* Base */ = {isa = PBXFileReference; lastKnownFileType = file.storyboard; name = Base; path = Base.lproj/LaunchScreen.storyboard; sourceTree = "<group>"; };
		664128121C7ADD860028987B /* Info.plist */ = {isa = PBXFileReference; lastKnownFileType = text.plist.xml; path = Info.plist; sourceTree = "<group>"; };
		664128171C7ADD860028987B /* Oye5Tests.xctest */ = {isa = PBXFileReference; explicitFileType = wrapper.cfbundle; includeInIndex = 0; path = Oye5Tests.xctest; sourceTree = BUILT_PRODUCTS_DIR; };
		6641281B1C7ADD860028987B /* Oye5Tests.m */ = {isa = PBXFileReference; lastKnownFileType = sourcecode.c.objc; path = Oye5Tests.m; sourceTree = "<group>"; };
		6641281D1C7ADD860028987B /* Info.plist */ = {isa = PBXFileReference; lastKnownFileType = text.plist.xml; path = Info.plist; sourceTree = "<group>"; };
		664128221C7ADD860028987B /* Oye5UITests.xctest */ = {isa = PBXFileReference; explicitFileType = wrapper.cfbundle; includeInIndex = 0; path = Oye5UITests.xctest; sourceTree = BUILT_PRODUCTS_DIR; };
		664128261C7ADD860028987B /* Oye5UITests.m */ = {isa = PBXFileReference; lastKnownFileType = sourcecode.c.objc; path = Oye5UITests.m; sourceTree = "<group>"; };
		664128281C7ADD860028987B /* Info.plist */ = {isa = PBXFileReference; lastKnownFileType = text.plist.xml; path = Info.plist; sourceTree = "<group>"; };
		664128D61C83AC4D0028987B /* PrefixHeader.pch */ = {isa = PBXFileReference; lastKnownFileType = sourcecode.c.h; path = PrefixHeader.pch; sourceTree = "<group>"; };
		664128E01C83C14C0028987B /* License Agreement for SF UI Font.pdf */ = {isa = PBXFileReference; lastKnownFileType = image.pdf; name = "License Agreement for SF UI Font.pdf"; path = "Fonts/SF-UI/License Agreement for SF UI Font.pdf"; sourceTree = "<group>"; };
		664128E11C83C14C0028987B /* SF-UI-Display-Black.otf */ = {isa = PBXFileReference; lastKnownFileType = file; name = "SF-UI-Display-Black.otf"; path = "Fonts/SF-UI/SF-UI-Display-Black.otf"; sourceTree = "<group>"; };
		664128E21C83C14C0028987B /* SF-UI-Display-Bold.otf */ = {isa = PBXFileReference; lastKnownFileType = file; name = "SF-UI-Display-Bold.otf"; path = "Fonts/SF-UI/SF-UI-Display-Bold.otf"; sourceTree = "<group>"; };
		664128E31C83C14C0028987B /* SF-UI-Display-Heavy.otf */ = {isa = PBXFileReference; lastKnownFileType = file; name = "SF-UI-Display-Heavy.otf"; path = "Fonts/SF-UI/SF-UI-Display-Heavy.otf"; sourceTree = "<group>"; };
		664128E41C83C14C0028987B /* SF-UI-Display-Light.otf */ = {isa = PBXFileReference; lastKnownFileType = file; name = "SF-UI-Display-Light.otf"; path = "Fonts/SF-UI/SF-UI-Display-Light.otf"; sourceTree = "<group>"; };
		664128E51C83C14C0028987B /* SF-UI-Display-Medium.otf */ = {isa = PBXFileReference; lastKnownFileType = file; name = "SF-UI-Display-Medium.otf"; path = "Fonts/SF-UI/SF-UI-Display-Medium.otf"; sourceTree = "<group>"; };
		664128E61C83C14C0028987B /* SF-UI-Display-Regular.otf */ = {isa = PBXFileReference; lastKnownFileType = file; name = "SF-UI-Display-Regular.otf"; path = "Fonts/SF-UI/SF-UI-Display-Regular.otf"; sourceTree = "<group>"; };
		664128E71C83C14C0028987B /* SF-UI-Display-Semibold.otf */ = {isa = PBXFileReference; lastKnownFileType = file; name = "SF-UI-Display-Semibold.otf"; path = "Fonts/SF-UI/SF-UI-Display-Semibold.otf"; sourceTree = "<group>"; };
		664128E81C83C14C0028987B /* SF-UI-Display-Thin.otf */ = {isa = PBXFileReference; lastKnownFileType = file; name = "SF-UI-Display-Thin.otf"; path = "Fonts/SF-UI/SF-UI-Display-Thin.otf"; sourceTree = "<group>"; };
		664128E91C83C14C0028987B /* SF-UI-Display-Ultralight.otf */ = {isa = PBXFileReference; lastKnownFileType = file; name = "SF-UI-Display-Ultralight.otf"; path = "Fonts/SF-UI/SF-UI-Display-Ultralight.otf"; sourceTree = "<group>"; };
		664128EA1C83C14C0028987B /* SF-UI-Text-Bold.otf */ = {isa = PBXFileReference; lastKnownFileType = file; name = "SF-UI-Text-Bold.otf"; path = "Fonts/SF-UI/SF-UI-Text-Bold.otf"; sourceTree = "<group>"; };
		664128EB1C83C14C0028987B /* SF-UI-Text-BoldItalic.otf */ = {isa = PBXFileReference; lastKnownFileType = file; name = "SF-UI-Text-BoldItalic.otf"; path = "Fonts/SF-UI/SF-UI-Text-BoldItalic.otf"; sourceTree = "<group>"; };
		664128EC1C83C14C0028987B /* SF-UI-Text-Heavy.otf */ = {isa = PBXFileReference; lastKnownFileType = file; name = "SF-UI-Text-Heavy.otf"; path = "Fonts/SF-UI/SF-UI-Text-Heavy.otf"; sourceTree = "<group>"; };
		664128ED1C83C14C0028987B /* SF-UI-Text-HeavyItalic.otf */ = {isa = PBXFileReference; lastKnownFileType = file; name = "SF-UI-Text-HeavyItalic.otf"; path = "Fonts/SF-UI/SF-UI-Text-HeavyItalic.otf"; sourceTree = "<group>"; };
		664128EE1C83C14C0028987B /* SF-UI-Text-Light.otf */ = {isa = PBXFileReference; lastKnownFileType = file; name = "SF-UI-Text-Light.otf"; path = "Fonts/SF-UI/SF-UI-Text-Light.otf"; sourceTree = "<group>"; };
		664128EF1C83C14C0028987B /* SF-UI-Text-LightItalic.otf */ = {isa = PBXFileReference; lastKnownFileType = file; name = "SF-UI-Text-LightItalic.otf"; path = "Fonts/SF-UI/SF-UI-Text-LightItalic.otf"; sourceTree = "<group>"; };
		664128F01C83C14C0028987B /* SF-UI-Text-Medium.otf */ = {isa = PBXFileReference; lastKnownFileType = file; name = "SF-UI-Text-Medium.otf"; path = "Fonts/SF-UI/SF-UI-Text-Medium.otf"; sourceTree = "<group>"; };
		664128F11C83C14C0028987B /* SF-UI-Text-MediumItalic.otf */ = {isa = PBXFileReference; lastKnownFileType = file; name = "SF-UI-Text-MediumItalic.otf"; path = "Fonts/SF-UI/SF-UI-Text-MediumItalic.otf"; sourceTree = "<group>"; };
		664128F21C83C14C0028987B /* SF-UI-Text-Regular.otf */ = {isa = PBXFileReference; lastKnownFileType = file; name = "SF-UI-Text-Regular.otf"; path = "Fonts/SF-UI/SF-UI-Text-Regular.otf"; sourceTree = "<group>"; };
		664128F31C83C14C0028987B /* SF-UI-Text-RegularItalic.otf */ = {isa = PBXFileReference; lastKnownFileType = file; name = "SF-UI-Text-RegularItalic.otf"; path = "Fonts/SF-UI/SF-UI-Text-RegularItalic.otf"; sourceTree = "<group>"; };
		664128F41C83C14C0028987B /* SF-UI-Text-Semibold.otf */ = {isa = PBXFileReference; lastKnownFileType = file; name = "SF-UI-Text-Semibold.otf"; path = "Fonts/SF-UI/SF-UI-Text-Semibold.otf"; sourceTree = "<group>"; };
		664128F51C83C14C0028987B /* SF-UI-Text-SemiboldItalic.otf */ = {isa = PBXFileReference; lastKnownFileType = file; name = "SF-UI-Text-SemiboldItalic.otf"; path = "Fonts/SF-UI/SF-UI-Text-SemiboldItalic.otf"; sourceTree = "<group>"; };
		666241401CA0FD3B003C9C06 /* AFNetworking.framework */ = {isa = PBXFileReference; lastKnownFileType = wrapper.framework; name = AFNetworking.framework; path = "Oye5/ThirdParty/AFNetworking/build/Debug-iphoneos/AFNetworking.framework"; sourceTree = "<group>"; };
		666241411CA0FD3B003C9C06 /* CocoaLumberjack.framework */ = {isa = PBXFileReference; lastKnownFileType = wrapper.framework; name = CocoaLumberjack.framework; path = "Oye5/ThirdParty/CocoaLumberjack/build/Debug-iphoneos/CocoaLumberjack.framework"; sourceTree = "<group>"; };
		666241471CA63A61003C9C06 /* Motis.h */ = {isa = PBXFileReference; fileEncoding = 4; lastKnownFileType = sourcecode.c.h; name = Motis.h; path = Oye5/ThirdParty/Motis/Motis.h; sourceTree = "<group>"; };
		666241481CA63A61003C9C06 /* MTSMotisObject.h */ = {isa = PBXFileReference; fileEncoding = 4; lastKnownFileType = sourcecode.c.h; name = MTSMotisObject.h; path = Oye5/ThirdParty/Motis/MTSMotisObject.h; sourceTree = "<group>"; };
		666241491CA63A61003C9C06 /* MTSMotisObject.m */ = {isa = PBXFileReference; fileEncoding = 4; lastKnownFileType = sourcecode.c.objc; name = MTSMotisObject.m; path = Oye5/ThirdParty/Motis/MTSMotisObject.m; sourceTree = "<group>"; };
		6662414A1CA63A61003C9C06 /* NSObject+Motis.h */ = {isa = PBXFileReference; fileEncoding = 4; lastKnownFileType = sourcecode.c.h; name = "NSObject+Motis.h"; path = "Oye5/ThirdParty/Motis/NSObject+Motis.h"; sourceTree = "<group>"; };
		6662414B1CA63A61003C9C06 /* NSObject+Motis.m */ = {isa = PBXFileReference; fileEncoding = 4; lastKnownFileType = sourcecode.c.objc; name = "NSObject+Motis.m"; path = "Oye5/ThirdParty/Motis/NSObject+Motis.m"; sourceTree = "<group>"; };
		666241511CA647F1003C9C06 /* OYELocation.h */ = {isa = PBXFileReference; fileEncoding = 4; lastKnownFileType = sourcecode.c.h; name = OYELocation.h; path = Source/Models/OYELocation.h; sourceTree = "<group>"; };
		666241521CA647F1003C9C06 /* OYELocation.m */ = {isa = PBXFileReference; fileEncoding = 4; lastKnownFileType = sourcecode.c.objc; name = OYELocation.m; path = Source/Models/OYELocation.m; sourceTree = "<group>"; };
		666241541CA6FE17003C9C06 /* FBSDKLoginKit.framework */ = {isa = PBXFileReference; lastKnownFileType = wrapper.framework; name = FBSDKLoginKit.framework; path = Oye5/ThirdParty/Facebook/FBSDKLoginKit.framework; sourceTree = "<group>"; };
		666241561CA6FE52003C9C06 /* FBSDKCoreKit.framework */ = {isa = PBXFileReference; lastKnownFileType = wrapper.framework; name = FBSDKCoreKit.framework; path = Oye5/ThirdParty/Facebook/FBSDKCoreKit.framework; sourceTree = "<group>"; };
		666241581CA6FFDC003C9C06 /* OYELoginViewController.h */ = {isa = PBXFileReference; fileEncoding = 4; lastKnownFileType = sourcecode.c.h; name = OYELoginViewController.h; path = Source/ViewControllers/OYELoginViewController.h; sourceTree = "<group>"; };
		666241591CA6FFDC003C9C06 /* OYELoginViewController.m */ = {isa = PBXFileReference; fileEncoding = 4; lastKnownFileType = sourcecode.c.objc; name = OYELoginViewController.m; path = Source/ViewControllers/OYELoginViewController.m; sourceTree = "<group>"; };
		6662415A1CA6FFDC003C9C06 /* OYELoginViewController.xib */ = {isa = PBXFileReference; fileEncoding = 4; lastKnownFileType = file.xib; name = OYELoginViewController.xib; path = Source/ViewControllers/OYELoginViewController.xib; sourceTree = "<group>"; };
		6662415D1CA70BEB003C9C06 /* UIView+Extensions.h */ = {isa = PBXFileReference; fileEncoding = 4; lastKnownFileType = sourcecode.c.h; name = "UIView+Extensions.h"; path = "Source/Categories/UIView+Extensions.h"; sourceTree = "<group>"; };
		6662415E1CA70BEB003C9C06 /* UIView+Extensions.m */ = {isa = PBXFileReference; fileEncoding = 4; lastKnownFileType = sourcecode.c.objc; name = "UIView+Extensions.m"; path = "Source/Categories/UIView+Extensions.m"; sourceTree = "<group>"; };
		666241601CA72382003C9C06 /* FBSDKMessengerShareKit.framework */ = {isa = PBXFileReference; lastKnownFileType = wrapper.framework; name = FBSDKMessengerShareKit.framework; path = Oye5/ThirdParty/Facebook/FBSDKMessengerShareKit.framework; sourceTree = "<group>"; };
		666241621CA7238F003C9C06 /* FBSDKShareKit.framework */ = {isa = PBXFileReference; lastKnownFileType = wrapper.framework; name = FBSDKShareKit.framework; path = Oye5/ThirdParty/Facebook/FBSDKShareKit.framework; sourceTree = "<group>"; };
		666241671CA73CE4003C9C06 /* OYELoggedInViewController.h */ = {isa = PBXFileReference; fileEncoding = 4; lastKnownFileType = sourcecode.c.h; name = OYELoggedInViewController.h; path = Source/ViewControllers/OYELoggedInViewController.h; sourceTree = "<group>"; };
		666241681CA73CE4003C9C06 /* OYELoggedInViewController.m */ = {isa = PBXFileReference; fileEncoding = 4; lastKnownFileType = sourcecode.c.objc; name = OYELoggedInViewController.m; path = Source/ViewControllers/OYELoggedInViewController.m; sourceTree = "<group>"; };
		6662416A1CA7A215003C9C06 /* OYEItemShareTableViewCell.h */ = {isa = PBXFileReference; fileEncoding = 4; lastKnownFileType = sourcecode.c.h; name = OYEItemShareTableViewCell.h; path = Source/Views/OYEItemShareTableViewCell.h; sourceTree = "<group>"; };
		6662416B1CA7A215003C9C06 /* OYEItemShareTableViewCell.m */ = {isa = PBXFileReference; fileEncoding = 4; lastKnownFileType = sourcecode.c.objc; name = OYEItemShareTableViewCell.m; path = Source/Views/OYEItemShareTableViewCell.m; sourceTree = "<group>"; };
		6662416D1CA7A23A003C9C06 /* OYEItemShareTableViewCell.xib */ = {isa = PBXFileReference; fileEncoding = 4; lastKnownFileType = file.xib; name = OYEItemShareTableViewCell.xib; path = Source/Views/OYEItemShareTableViewCell.xib; sourceTree = "<group>"; };
		6662416F1CA7C598003C9C06 /* MessageUI.framework */ = {isa = PBXFileReference; lastKnownFileType = wrapper.framework; name = MessageUI.framework; path = System/Library/Frameworks/MessageUI.framework; sourceTree = SDKROOT; };
		666241711CA84749003C9C06 /* OYEUser.h */ = {isa = PBXFileReference; fileEncoding = 4; lastKnownFileType = sourcecode.c.h; name = OYEUser.h; path = Source/Models/OYEUser.h; sourceTree = "<group>"; };
		666241721CA84749003C9C06 /* OYEUser.m */ = {isa = PBXFileReference; fileEncoding = 4; lastKnownFileType = sourcecode.c.objc; name = OYEUser.m; path = Source/Models/OYEUser.m; sourceTree = "<group>"; };
/* End PBXFileReference section */

/* Begin PBXFrameworksBuildPhase section */
		664127F81C7ADD850028987B /* Frameworks */ = {
			isa = PBXFrameworksBuildPhase;
			buildActionMask = 2147483647;
			files = (
				66218AB01CE025C0003BD0B3 /* Bolts.framework in Frameworks */,
				66218AA01CD727A2003BD0B3 /* libz.tbd in Frameworks */,
				66218A9C1CD71511003BD0B3 /* SystemConfiguration.framework in Frameworks */,
				66218A9A1CD714FC003BD0B3 /* SafariServices.framework in Frameworks */,
				66218A981CD714EB003BD0B3 /* AddressBook.framework in Frameworks */,
				666241701CA7C598003C9C06 /* MessageUI.framework in Frameworks */,
				666241571CA6FE52003C9C06 /* FBSDKCoreKit.framework in Frameworks */,
				666241421CA0FD3B003C9C06 /* AFNetworking.framework in Frameworks */,
				666241431CA0FD3B003C9C06 /* CocoaLumberjack.framework in Frameworks */,
				666241631CA7238F003C9C06 /* FBSDKShareKit.framework in Frameworks */,
				666241551CA6FE17003C9C06 /* FBSDKLoginKit.framework in Frameworks */,
				666241611CA72382003C9C06 /* FBSDKMessengerShareKit.framework in Frameworks */,
				66218A941CD7136E003BD0B3 /* GoogleSignIn.framework in Frameworks */,
				6617D5761C96502D00101292 /* CoreLocation.framework in Frameworks */,
			);
			runOnlyForDeploymentPostprocessing = 0;
		};
		664128141C7ADD860028987B /* Frameworks */ = {
			isa = PBXFrameworksBuildPhase;
			buildActionMask = 2147483647;
			files = (
			);
			runOnlyForDeploymentPostprocessing = 0;
		};
		6641281F1C7ADD860028987B /* Frameworks */ = {
			isa = PBXFrameworksBuildPhase;
			buildActionMask = 2147483647;
			files = (
			);
			runOnlyForDeploymentPostprocessing = 0;
		};
/* End PBXFrameworksBuildPhase section */

/* Begin PBXGroup section */
		6617D5771C9A352500101292 /* Other */ = {
			isa = PBXGroup;
			children = (
				6617D5501C9525A500101292 /* OYELogFormatter.h */,
				6617D5511C9525A500101292 /* OYELogFormatter.m */,
				6617D5781C9A356700101292 /* OYEItemLocationAnnotation.h */,
				6617D5791C9A356700101292 /* OYEItemLocationAnnotation.m */,
			);
			name = Other;
			sourceTree = "<group>";
		};
		6617D5861C9DD60400101292 /* Model Managers */ = {
			isa = PBXGroup;
			children = (
				6617D58A1C9DD81700101292 /* OYEModelManager.h */,
				6617D58B1C9DD81700101292 /* OYEModelManager.m */,
				6617D5871C9DD78300101292 /* OYEItemManager.h */,
				6617D5881C9DD78300101292 /* OYEItemManager.m */,
				66218AAC1CDEFD64003BD0B3 /* OYEUserManager+Facebook.h */,
				66218AAD1CDEFD64003BD0B3 /* OYEUserManager+Facebook.m */,
				66218AA91CDEFD1B003BD0B3 /* OYEUserManager+Google.h */,
				66218AAA1CDEFD1B003BD0B3 /* OYEUserManager+Google.m */,
				66218AA11CDC5783003BD0B3 /* OYEUserManager.h */,
				66218AA21CDC5783003BD0B3 /* OYEUserManager.m */,
			);
			name = "Model Managers";
			path = ..;
			sourceTree = "<group>";
		};
		6617D58D1C9DE71D00101292 /* Frameworks */ = {
			isa = PBXGroup;
			children = (
				66218AAF1CE025C0003BD0B3 /* Bolts.framework */,
				66218A9F1CD727A2003BD0B3 /* libz.tbd */,
				66218A9B1CD71511003BD0B3 /* SystemConfiguration.framework */,
				66218A991CD714FC003BD0B3 /* SafariServices.framework */,
				66218A971CD714EB003BD0B3 /* AddressBook.framework */,
				66218A951CD71399003BD0B3 /* GoogleSignIn.bundle */,
				66218A931CD7136E003BD0B3 /* GoogleSignIn.framework */,
				6662416F1CA7C598003C9C06 /* MessageUI.framework */,
				666241401CA0FD3B003C9C06 /* AFNetworking.framework */,
				666241411CA0FD3B003C9C06 /* CocoaLumberjack.framework */,
				666241561CA6FE52003C9C06 /* FBSDKCoreKit.framework */,
				666241541CA6FE17003C9C06 /* FBSDKLoginKit.framework */,
				666241601CA72382003C9C06 /* FBSDKMessengerShareKit.framework */,
				666241621CA7238F003C9C06 /* FBSDKShareKit.framework */,
				6617D5751C96502D00101292 /* CoreLocation.framework */,
			);
			name = Frameworks;
			sourceTree = "<group>";
		};
		66218A4E1CCD3786003BD0B3 /* Socket IO */ = {
			isa = PBXGroup;
			children = (
				66218A501CCD37C3003BD0B3 /* SocketAckEmitter.swift */,
				66218A511CCD37C3003BD0B3 /* SocketAckManager.swift */,
				66218A521CCD37C3003BD0B3 /* SocketAnyEvent.swift */,
				66218A531CCD37C3003BD0B3 /* SocketClientSpec.swift */,
				66218A541CCD37C3003BD0B3 /* SocketEngine.swift */,
				66218A551CCD37C3003BD0B3 /* SocketEngineClient.swift */,
				66218A561CCD37C3003BD0B3 /* SocketEnginePacketType.swift */,
				66218A571CCD37C3003BD0B3 /* SocketEnginePollable.swift */,
				66218A581CCD37C3003BD0B3 /* SocketEngineSpec.swift */,
				66218A591CCD37C3003BD0B3 /* SocketEngineWebsocket.swift */,
				66218A5A1CCD37C3003BD0B3 /* SocketEventHandler.swift */,
				66218A5B1CCD37C3003BD0B3 /* SocketFixUTF8.swift */,
				66218A5C1CCD37C3003BD0B3 /* SocketIOClient.swift */,
				66218A5D1CCD37C3003BD0B3 /* SocketIOClientOption.swift */,
				66218A5E1CCD37C3003BD0B3 /* SocketIOClientStatus.swift */,
				66218A5F1CCD37C3003BD0B3 /* SocketLogger.swift */,
				66218A601CCD37C3003BD0B3 /* SocketPacket.swift */,
				66218A611CCD37C3003BD0B3 /* SocketParsable.swift */,
				66218A621CCD37C3003BD0B3 /* SocketStringReader.swift */,
				66218A631CCD37C3003BD0B3 /* SocketTypes.swift */,
				66218A641CCD37C3003BD0B3 /* SwiftRegex.swift */,
				66218A651CCD37C3003BD0B3 /* WebSocket.swift */,
				66218A4F1CCD37C2003BD0B3 /* Oye5-Bridging-Header.h */,
			);
			name = "Socket IO";
			sourceTree = "<group>";
		};
		664127F21C7ADD850028987B = {
			isa = PBXGroup;
			children = (
				664127FD1C7ADD850028987B /* Oye5 */,
				666240711C9F8557003C9C06 /* 3rd Party */,
				6641281A1C7ADD860028987B /* Oye5Tests */,
				664128251C7ADD860028987B /* Oye5UITests */,
				664127FC1C7ADD850028987B /* Products */,
				6617D58D1C9DE71D00101292 /* Frameworks */,
			);
			sourceTree = "<group>";
		};
		664127FC1C7ADD850028987B /* Products */ = {
			isa = PBXGroup;
			children = (
				664127FB1C7ADD850028987B /* Oye5.app */,
				664128171C7ADD860028987B /* Oye5Tests.xctest */,
				664128221C7ADD860028987B /* Oye5UITests.xctest */,
			);
			name = Products;
			sourceTree = "<group>";
		};
		664127FD1C7ADD850028987B /* Oye5 */ = {
			isa = PBXGroup;
			children = (
				664128011C7ADD850028987B /* AppDelegate.h */,
				664128021C7ADD850028987B /* AppDelegate.m */,
				6641280A1C7ADD860028987B /* Main.storyboard */,
				664128341C8232EF0028987B /* Tabs */,
				6641284F1C824CAA0028987B /* Shared */,
				664128551C824D6E0028987B /* Models */,
				6617D5861C9DD60400101292 /* Model Managers */,
				664128DF1C83C11E0028987B /* Fonts */,
				6641280D1C7ADD860028987B /* Assets.xcassets */,
				6641280F1C7ADD860028987B /* LaunchScreen.storyboard */,
				664128121C7ADD860028987B /* Info.plist */,
				66218A9D1CD71A14003BD0B3 /* GoogleService-Info.plist */,
				664128D61C83AC4D0028987B /* PrefixHeader.pch */,
				664127FE1C7ADD850028987B /* Supporting Files */,
			);
			path = Oye5;
			sourceTree = "<group>";
		};
		664127FE1C7ADD850028987B /* Supporting Files */ = {
			isa = PBXGroup;
			children = (
				664127FF1C7ADD850028987B /* main.m */,
			);
			name = "Supporting Files";
			sourceTree = "<group>";
		};
		6641281A1C7ADD860028987B /* Oye5Tests */ = {
			isa = PBXGroup;
			children = (
				6641281B1C7ADD860028987B /* Oye5Tests.m */,
				6641281D1C7ADD860028987B /* Info.plist */,
			);
			path = Oye5Tests;
			sourceTree = "<group>";
		};
		664128251C7ADD860028987B /* Oye5UITests */ = {
			isa = PBXGroup;
			children = (
				664128261C7ADD860028987B /* Oye5UITests.m */,
				664128281C7ADD860028987B /* Info.plist */,
			);
			path = Oye5UITests;
			sourceTree = "<group>";
		};
		664128341C8232EF0028987B /* Tabs */ = {
			isa = PBXGroup;
			children = (
				6641284A1C824A620028987B /* Home */,
				6641284B1C824A9F0028987B /* Search */,
				6641284C1C824B340028987B /* Sell */,
				6641284E1C824B550028987B /* Chats */,
				6641284D1C824B410028987B /* Profile */,
			);
			name = Tabs;
			sourceTree = "<group>";
		};
		6641284A1C824A620028987B /* Home */ = {
			isa = PBXGroup;
			children = (
				6617D5341C95252200101292 /* OYEHomeCollectionViewController.h */,
				6617D5351C95252200101292 /* OYEHomeCollectionViewController.m */,
			);
			name = Home;
			sourceTree = "<group>";
		};
		6641284B1C824A9F0028987B /* Search */ = {
			isa = PBXGroup;
			children = (
				6617D5371C95253400101292 /* OYESearchViewController.h */,
				6617D5381C95253400101292 /* OYESearchViewController.m */,
			);
			name = Search;
			sourceTree = "<group>";
		};
		6641284C1C824B340028987B /* Sell */ = {
			isa = PBXGroup;
			children = (
				6617D53A1C95254100101292 /* OYESellViewController.h */,
				6617D53B1C95254100101292 /* OYESellViewController.m */,
			);
			name = Sell;
			sourceTree = "<group>";
		};
		6641284D1C824B410028987B /* Profile */ = {
			isa = PBXGroup;
			children = (
				6617D5531C9525CC00101292 /* OYEProfileViewController.h */,
				6617D5541C9525CC00101292 /* OYEProfileViewController.m */,
			);
			name = Profile;
			sourceTree = "<group>";
		};
		6641284E1C824B550028987B /* Chats */ = {
			isa = PBXGroup;
			children = (
				6617D53D1C95255600101292 /* OYEChatsViewController.h */,
				6617D53E1C95255600101292 /* OYEChatsViewController.m */,
				66218A7C1CCD641D003BD0B3 /* OYEChatViewController.h */,
				66218A7D1CCD641D003BD0B3 /* OYEChatViewController.m */,
				66218A7E1CCD641D003BD0B3 /* OYEChatViewController.xib */,
				66218A811CCD92A4003BD0B3 /* OYEChatMessageTableViewCell.h */,
				66218A821CCD92A4003BD0B3 /* OYEChatMessageTableViewCell.m */,
				66218A831CCD92A4003BD0B3 /* OYEChatMessageTableViewCell.xib */,
			);
			name = Chats;
			sourceTree = "<group>";
		};
		6641284F1C824CAA0028987B /* Shared */ = {
			isa = PBXGroup;
			children = (
				664128681C83804F0028987B /* View Controllers */,
				6641285E1C82C02C0028987B /* Views */,
				6641285F1C82C0370028987B /* Extensions */,
				6617D5771C9A352500101292 /* Other */,
			);
			name = Shared;
			sourceTree = "<group>";
		};
		664128551C824D6E0028987B /* Models */ = {
			isa = PBXGroup;
			children = (
				6617D5561C9525F300101292 /* OYEItem.h */,
				6617D5571C9525F300101292 /* OYEItem.m */,
				666241511CA647F1003C9C06 /* OYELocation.h */,
				666241521CA647F1003C9C06 /* OYELocation.m */,
				666241711CA84749003C9C06 /* OYEUser.h */,
				666241721CA84749003C9C06 /* OYEUser.m */,
				66218A861CCD9861003BD0B3 /* OYEChatMessage.h */,
				66218A871CCD9861003BD0B3 /* OYEChatMessage.m */,
			);
			name = Models;
			sourceTree = "<group>";
		};
		6641285E1C82C02C0028987B /* Views */ = {
			isa = PBXGroup;
			children = (
				6617D5721C96451600101292 /* OYEBaseTableViewCell.h */,
				6617D5731C96451600101292 /* OYEBaseTableViewCell.m */,
				6617D5451C95257E00101292 /* OYEItemCollectionViewCell.h */,
				6617D5461C95257E00101292 /* OYEItemCollectionViewCell.m */,
				6617D5471C95257E00101292 /* OYEItemCollectionViewCell.xib */,
				6617D5601C96180800101292 /* OYEItemDetailTableViewCell.h */,
				6617D5611C96180800101292 /* OYEItemDetailTableViewCell.m */,
				6617D5621C96180800101292 /* OYEItemDetailTableViewCell.xib */,
				6617D5681C96224700101292 /* OYEItemLocationTableViewCell.h */,
				6617D5691C96224700101292 /* OYEItemLocationTableViewCell.m */,
				6617D56A1C96224700101292 /* OYEItemLocationTableViewCell.xib */,
				6662416A1CA7A215003C9C06 /* OYEItemShareTableViewCell.h */,
				6662416B1CA7A215003C9C06 /* OYEItemShareTableViewCell.m */,
				6662416D1CA7A23A003C9C06 /* OYEItemShareTableViewCell.xib */,
				66218AA41CDEA725003BD0B3 /* OYEGoogleSignOutButton.h */,
				66218AA51CDEA725003BD0B3 /* OYEGoogleSignOutButton.m */,
				66218AA71CDEA759003BD0B3 /* OYEGoogleSignOutButton.xib */,
			);
			name = Views;
			sourceTree = "<group>";
		};
		6641285F1C82C0370028987B /* Extensions */ = {
			isa = PBXGroup;
			children = (
				6617D54A1C95259400101292 /* UIColor+Extensions.h */,
				6617D54B1C95259400101292 /* UIColor+Extensions.m */,
				6617D54C1C95259400101292 /* UIFont+Extensions.h */,
				6617D54D1C95259400101292 /* UIFont+Extensions.m */,
				6617D5651C961F4100101292 /* UIButton+Extensions.h */,
				6617D5661C961F4100101292 /* UIButton+Extensions.m */,
				6662415D1CA70BEB003C9C06 /* UIView+Extensions.h */,
				6662415E1CA70BEB003C9C06 /* UIView+Extensions.m */,
			);
			name = Extensions;
			sourceTree = "<group>";
		};
		664128681C83804F0028987B /* View Controllers */ = {
			isa = PBXGroup;
			children = (
				6617D5401C95256900101292 /* OYEItemViewController.h */,
				6617D5411C95256900101292 /* OYEItemViewController.m */,
				6617D5421C95256900101292 /* OYEItemViewController.xib */,
				6617D56D1C9626EE00101292 /* OYEItemImageViewController.h */,
				6617D56E1C9626EE00101292 /* OYEItemImageViewController.m */,
				6617D56F1C9626EE00101292 /* OYEItemImageViewController.xib */,
				666241581CA6FFDC003C9C06 /* OYELoginViewController.h */,
				666241591CA6FFDC003C9C06 /* OYELoginViewController.m */,
				6662415A1CA6FFDC003C9C06 /* OYELoginViewController.xib */,
				666241671CA73CE4003C9C06 /* OYELoggedInViewController.h */,
				666241681CA73CE4003C9C06 /* OYELoggedInViewController.m */,
			);
			name = "View Controllers";
			sourceTree = "<group>";
		};
		664128DF1C83C11E0028987B /* Fonts */ = {
			isa = PBXGroup;
			children = (
				66218AB11CE04395003BD0B3 /* Roboto-Medium.ttf */,
				664128E01C83C14C0028987B /* License Agreement for SF UI Font.pdf */,
				664128E11C83C14C0028987B /* SF-UI-Display-Black.otf */,
				664128E21C83C14C0028987B /* SF-UI-Display-Bold.otf */,
				664128E31C83C14C0028987B /* SF-UI-Display-Heavy.otf */,
				664128E41C83C14C0028987B /* SF-UI-Display-Light.otf */,
				664128E51C83C14C0028987B /* SF-UI-Display-Medium.otf */,
				664128E61C83C14C0028987B /* SF-UI-Display-Regular.otf */,
				664128E71C83C14C0028987B /* SF-UI-Display-Semibold.otf */,
				664128E81C83C14C0028987B /* SF-UI-Display-Thin.otf */,
				664128E91C83C14C0028987B /* SF-UI-Display-Ultralight.otf */,
				664128EA1C83C14C0028987B /* SF-UI-Text-Bold.otf */,
				664128EB1C83C14C0028987B /* SF-UI-Text-BoldItalic.otf */,
				664128EC1C83C14C0028987B /* SF-UI-Text-Heavy.otf */,
				664128ED1C83C14C0028987B /* SF-UI-Text-HeavyItalic.otf */,
				664128EE1C83C14C0028987B /* SF-UI-Text-Light.otf */,
				664128EF1C83C14C0028987B /* SF-UI-Text-LightItalic.otf */,
				664128F01C83C14C0028987B /* SF-UI-Text-Medium.otf */,
				664128F11C83C14C0028987B /* SF-UI-Text-MediumItalic.otf */,
				664128F21C83C14C0028987B /* SF-UI-Text-Regular.otf */,
				664128F31C83C14C0028987B /* SF-UI-Text-RegularItalic.otf */,
				664128F41C83C14C0028987B /* SF-UI-Text-Semibold.otf */,
				664128F51C83C14C0028987B /* SF-UI-Text-SemiboldItalic.otf */,
			);
			name = Fonts;
			sourceTree = "<group>";
		};
		666240711C9F8557003C9C06 /* 3rd Party */ = {
			isa = PBXGroup;
			children = (
				66218A4E1CCD3786003BD0B3 /* Socket IO */,
				666241461CA63A38003C9C06 /* Motis */,
			);
			name = "3rd Party";
			sourceTree = "<group>";
		};
		666241461CA63A38003C9C06 /* Motis */ = {
			isa = PBXGroup;
			children = (
				666241471CA63A61003C9C06 /* Motis.h */,
				666241481CA63A61003C9C06 /* MTSMotisObject.h */,
				666241491CA63A61003C9C06 /* MTSMotisObject.m */,
				6662414A1CA63A61003C9C06 /* NSObject+Motis.h */,
				6662414B1CA63A61003C9C06 /* NSObject+Motis.m */,
			);
			name = Motis;
			sourceTree = "<group>";
		};
/* End PBXGroup section */

/* Begin PBXNativeTarget section */
		664127FA1C7ADD850028987B /* Oye5 */ = {
			isa = PBXNativeTarget;
			buildConfigurationList = 6641282B1C7ADD860028987B /* Build configuration list for PBXNativeTarget "Oye5" */;
			buildPhases = (
				664127F71C7ADD850028987B /* Sources */,
				664127F81C7ADD850028987B /* Frameworks */,
				664127F91C7ADD850028987B /* Resources */,
			);
			buildRules = (
			);
			dependencies = (
			);
			name = Oye5;
			productName = Oye5;
			productReference = 664127FB1C7ADD850028987B /* Oye5.app */;
			productType = "com.apple.product-type.application";
		};
		664128161C7ADD860028987B /* Oye5Tests */ = {
			isa = PBXNativeTarget;
			buildConfigurationList = 6641282E1C7ADD860028987B /* Build configuration list for PBXNativeTarget "Oye5Tests" */;
			buildPhases = (
				664128131C7ADD860028987B /* Sources */,
				664128141C7ADD860028987B /* Frameworks */,
				664128151C7ADD860028987B /* Resources */,
			);
			buildRules = (
			);
			dependencies = (
				664128191C7ADD860028987B /* PBXTargetDependency */,
			);
			name = Oye5Tests;
			productName = Oye5Tests;
			productReference = 664128171C7ADD860028987B /* Oye5Tests.xctest */;
			productType = "com.apple.product-type.bundle.unit-test";
		};
		664128211C7ADD860028987B /* Oye5UITests */ = {
			isa = PBXNativeTarget;
			buildConfigurationList = 664128311C7ADD860028987B /* Build configuration list for PBXNativeTarget "Oye5UITests" */;
			buildPhases = (
				6641281E1C7ADD860028987B /* Sources */,
				6641281F1C7ADD860028987B /* Frameworks */,
				664128201C7ADD860028987B /* Resources */,
			);
			buildRules = (
			);
			dependencies = (
				664128241C7ADD860028987B /* PBXTargetDependency */,
			);
			name = Oye5UITests;
			productName = Oye5UITests;
			productReference = 664128221C7ADD860028987B /* Oye5UITests.xctest */;
			productType = "com.apple.product-type.bundle.ui-testing";
		};
/* End PBXNativeTarget section */

/* Begin PBXProject section */
		664127F31C7ADD850028987B /* Project object */ = {
			isa = PBXProject;
			attributes = {
				LastUpgradeCheck = 0720;
				ORGANIZATIONNAME = Oye5;
				TargetAttributes = {
					664127FA1C7ADD850028987B = {
						CreatedOnToolsVersion = 7.2;
					};
					664128161C7ADD860028987B = {
						CreatedOnToolsVersion = 7.2;
						TestTargetID = 664127FA1C7ADD850028987B;
					};
					664128211C7ADD860028987B = {
						CreatedOnToolsVersion = 7.2;
						TestTargetID = 664127FA1C7ADD850028987B;
					};
				};
			};
			buildConfigurationList = 664127F61C7ADD850028987B /* Build configuration list for PBXProject "Oye5" */;
			compatibilityVersion = "Xcode 3.2";
			developmentRegion = English;
			hasScannedForEncodings = 0;
			knownRegions = (
				en,
				Base,
			);
			mainGroup = 664127F21C7ADD850028987B;
			productRefGroup = 664127FC1C7ADD850028987B /* Products */;
			projectDirPath = "";
			projectRoot = "";
			targets = (
				664127FA1C7ADD850028987B /* Oye5 */,
				664128161C7ADD860028987B /* Oye5Tests */,
				664128211C7ADD860028987B /* Oye5UITests */,
			);
		};
/* End PBXProject section */

/* Begin PBXResourcesBuildPhase section */
		664127F91C7ADD850028987B /* Resources */ = {
			isa = PBXResourcesBuildPhase;
			buildActionMask = 2147483647;
			files = (
				6662416E1CA7A23A003C9C06 /* OYEItemShareTableViewCell.xib in Resources */,
				664128FA1C83C14C0028987B /* SF-UI-Display-Light.otf in Resources */,
				6617D5441C95256900101292 /* OYEItemViewController.xib in Resources */,
				6617D56C1C96224700101292 /* OYEItemLocationTableViewCell.xib in Resources */,
				664128F61C83C14C0028987B /* License Agreement for SF UI Font.pdf in Resources */,
				664129081C83C14C0028987B /* SF-UI-Text-Regular.otf in Resources */,
				664128FC1C83C14C0028987B /* SF-UI-Display-Regular.otf in Resources */,
				6641290A1C83C14C0028987B /* SF-UI-Text-Semibold.otf in Resources */,
				664129031C83C14C0028987B /* SF-UI-Text-HeavyItalic.otf in Resources */,
				664129021C83C14C0028987B /* SF-UI-Text-Heavy.otf in Resources */,
				664128FB1C83C14C0028987B /* SF-UI-Display-Medium.otf in Resources */,
				664128111C7ADD860028987B /* LaunchScreen.storyboard in Resources */,
				664128FD1C83C14C0028987B /* SF-UI-Display-Semibold.otf in Resources */,
				66218A851CCD92A4003BD0B3 /* OYEChatMessageTableViewCell.xib in Resources */,
				664129071C83C14C0028987B /* SF-UI-Text-MediumItalic.otf in Resources */,
				664128F81C83C14C0028987B /* SF-UI-Display-Bold.otf in Resources */,
				6641290B1C83C14C0028987B /* SF-UI-Text-SemiboldItalic.otf in Resources */,
				664129061C83C14C0028987B /* SF-UI-Text-Medium.otf in Resources */,
				664129041C83C14C0028987B /* SF-UI-Text-Light.otf in Resources */,
				66218AA81CDEA759003BD0B3 /* OYEGoogleSignOutButton.xib in Resources */,
				6617D5711C9626EE00101292 /* OYEItemImageViewController.xib in Resources */,
				66218A801CCD641D003BD0B3 /* OYEChatViewController.xib in Resources */,
				664128F91C83C14C0028987B /* SF-UI-Display-Heavy.otf in Resources */,
				664129011C83C14C0028987B /* SF-UI-Text-BoldItalic.otf in Resources */,
				664128FE1C83C14C0028987B /* SF-UI-Display-Thin.otf in Resources */,
				6641280E1C7ADD860028987B /* Assets.xcassets in Resources */,
				6617D5491C95257E00101292 /* OYEItemCollectionViewCell.xib in Resources */,
				66218A961CD71399003BD0B3 /* GoogleSignIn.bundle in Resources */,
				66218AB21CE04395003BD0B3 /* Roboto-Medium.ttf in Resources */,
				6641280C1C7ADD860028987B /* Main.storyboard in Resources */,
				6662415C1CA6FFDC003C9C06 /* OYELoginViewController.xib in Resources */,
				66218A9E1CD71A14003BD0B3 /* GoogleService-Info.plist in Resources */,
				664128FF1C83C14C0028987B /* SF-UI-Display-Ultralight.otf in Resources */,
				664129001C83C14C0028987B /* SF-UI-Text-Bold.otf in Resources */,
				664129091C83C14C0028987B /* SF-UI-Text-RegularItalic.otf in Resources */,
				664129051C83C14C0028987B /* SF-UI-Text-LightItalic.otf in Resources */,
				664128F71C83C14C0028987B /* SF-UI-Display-Black.otf in Resources */,
				6617D5641C96180800101292 /* OYEItemDetailTableViewCell.xib in Resources */,
			);
			runOnlyForDeploymentPostprocessing = 0;
		};
		664128151C7ADD860028987B /* Resources */ = {
			isa = PBXResourcesBuildPhase;
			buildActionMask = 2147483647;
			files = (
			);
			runOnlyForDeploymentPostprocessing = 0;
		};
		664128201C7ADD860028987B /* Resources */ = {
			isa = PBXResourcesBuildPhase;
			buildActionMask = 2147483647;
			files = (
			);
			runOnlyForDeploymentPostprocessing = 0;
		};
/* End PBXResourcesBuildPhase section */

/* Begin PBXSourcesBuildPhase section */
		664127F71C7ADD850028987B /* Sources */ = {
			isa = PBXSourcesBuildPhase;
			buildActionMask = 2147483647;
			files = (
				66218AAE1CDEFD64003BD0B3 /* OYEUserManager+Facebook.m in Sources */,
				66218A761CCD37C3003BD0B3 /* SocketPacket.swift in Sources */,
				66218AA61CDEA725003BD0B3 /* OYEGoogleSignOutButton.m in Sources */,
				6662416C1CA7A215003C9C06 /* OYEItemShareTableViewCell.m in Sources */,
				66218A771CCD37C3003BD0B3 /* SocketParsable.swift in Sources */,
				66218A841CCD92A4003BD0B3 /* OYEChatMessageTableViewCell.m in Sources */,
				66218A741CCD37C3003BD0B3 /* SocketIOClientStatus.swift in Sources */,
				6617D5741C96451600101292 /* OYEBaseTableViewCell.m in Sources */,
				664128031C7ADD850028987B /* AppDelegate.m in Sources */,
				66218A721CCD37C3003BD0B3 /* SocketIOClient.swift in Sources */,
				6662414C1CA63A61003C9C06 /* MTSMotisObject.m in Sources */,
				66218A6F1CCD37C3003BD0B3 /* SocketEngineWebsocket.swift in Sources */,
				66218A7B1CCD37C3003BD0B3 /* WebSocket.swift in Sources */,
				66218A671CCD37C3003BD0B3 /* SocketAckManager.swift in Sources */,
				6617D56B1C96224700101292 /* OYEItemLocationTableViewCell.m in Sources */,
				6617D5431C95256900101292 /* OYEItemViewController.m in Sources */,
				6617D53F1C95255600101292 /* OYEChatsViewController.m in Sources */,
				66218A731CCD37C3003BD0B3 /* SocketIOClientOption.swift in Sources */,
				66218A7A1CCD37C3003BD0B3 /* SwiftRegex.swift in Sources */,
				6662414D1CA63A61003C9C06 /* NSObject+Motis.m in Sources */,
				6617D5701C9626EE00101292 /* OYEItemImageViewController.m in Sources */,
				66218A691CCD37C3003BD0B3 /* SocketClientSpec.swift in Sources */,
				66218A6D1CCD37C3003BD0B3 /* SocketEnginePollable.swift in Sources */,
				6617D5891C9DD78300101292 /* OYEItemManager.m in Sources */,
				66218A7F1CCD641D003BD0B3 /* OYEChatViewController.m in Sources */,
				6617D5361C95252200101292 /* OYEHomeCollectionViewController.m in Sources */,
				66218A6B1CCD37C3003BD0B3 /* SocketEngineClient.swift in Sources */,
				66218A6E1CCD37C3003BD0B3 /* SocketEngineSpec.swift in Sources */,
				66218A701CCD37C3003BD0B3 /* SocketEventHandler.swift in Sources */,
				6617D5551C9525CC00101292 /* OYEProfileViewController.m in Sources */,
				66218AAB1CDEFD1B003BD0B3 /* OYEUserManager+Google.m in Sources */,
				6617D5581C9525F300101292 /* OYEItem.m in Sources */,
				6617D5521C9525A500101292 /* OYELogFormatter.m in Sources */,
				66218A711CCD37C3003BD0B3 /* SocketFixUTF8.swift in Sources */,
				6617D57A1C9A356700101292 /* OYEItemLocationAnnotation.m in Sources */,
				666241531CA647F1003C9C06 /* OYELocation.m in Sources */,
				664128001C7ADD850028987B /* main.m in Sources */,
				6617D53C1C95254100101292 /* OYESellViewController.m in Sources */,
				666241691CA73CE4003C9C06 /* OYELoggedInViewController.m in Sources */,
				66218A781CCD37C3003BD0B3 /* SocketStringReader.swift in Sources */,
				6617D5391C95253400101292 /* OYESearchViewController.m in Sources */,
				6662415B1CA6FFDC003C9C06 /* OYELoginViewController.m in Sources */,
				66218A881CCD9861003BD0B3 /* OYEChatMessage.m in Sources */,
				6617D5671C961F4100101292 /* UIButton+Extensions.m in Sources */,
				6662415F1CA70BEB003C9C06 /* UIView+Extensions.m in Sources */,
				66218AA31CDC5783003BD0B3 /* OYEUserManager.m in Sources */,
				66218A661CCD37C3003BD0B3 /* SocketAckEmitter.swift in Sources */,
				66218A6C1CCD37C3003BD0B3 /* SocketEnginePacketType.swift in Sources */,
				6617D58C1C9DD81700101292 /* OYEModelManager.m in Sources */,
				66218A681CCD37C3003BD0B3 /* SocketAnyEvent.swift in Sources */,
				666241731CA84749003C9C06 /* OYEUser.m in Sources */,
				66218A791CCD37C3003BD0B3 /* SocketTypes.swift in Sources */,
				6617D5631C96180800101292 /* OYEItemDetailTableViewCell.m in Sources */,
				66218A751CCD37C3003BD0B3 /* SocketLogger.swift in Sources */,
				6617D5481C95257E00101292 /* OYEItemCollectionViewCell.m in Sources */,
				66218A6A1CCD37C3003BD0B3 /* SocketEngine.swift in Sources */,
				6617D54F1C95259400101292 /* UIFont+Extensions.m in Sources */,
				6617D54E1C95259400101292 /* UIColor+Extensions.m in Sources */,
			);
			runOnlyForDeploymentPostprocessing = 0;
		};
		664128131C7ADD860028987B /* Sources */ = {
			isa = PBXSourcesBuildPhase;
			buildActionMask = 2147483647;
			files = (
				6641281C1C7ADD860028987B /* Oye5Tests.m in Sources */,
			);
			runOnlyForDeploymentPostprocessing = 0;
		};
		6641281E1C7ADD860028987B /* Sources */ = {
			isa = PBXSourcesBuildPhase;
			buildActionMask = 2147483647;
			files = (
				664128271C7ADD860028987B /* Oye5UITests.m in Sources */,
			);
			runOnlyForDeploymentPostprocessing = 0;
		};
/* End PBXSourcesBuildPhase section */

/* Begin PBXTargetDependency section */
		664128191C7ADD860028987B /* PBXTargetDependency */ = {
			isa = PBXTargetDependency;
			target = 664127FA1C7ADD850028987B /* Oye5 */;
			targetProxy = 664128181C7ADD860028987B /* PBXContainerItemProxy */;
		};
		664128241C7ADD860028987B /* PBXTargetDependency */ = {
			isa = PBXTargetDependency;
			target = 664127FA1C7ADD850028987B /* Oye5 */;
			targetProxy = 664128231C7ADD860028987B /* PBXContainerItemProxy */;
		};
/* End PBXTargetDependency section */

/* Begin PBXVariantGroup section */
		6641280A1C7ADD860028987B /* Main.storyboard */ = {
			isa = PBXVariantGroup;
			children = (
				6641280B1C7ADD860028987B /* Base */,
			);
			name = Main.storyboard;
			sourceTree = "<group>";
		};
		6641280F1C7ADD860028987B /* LaunchScreen.storyboard */ = {
			isa = PBXVariantGroup;
			children = (
				664128101C7ADD860028987B /* Base */,
			);
			name = LaunchScreen.storyboard;
			sourceTree = "<group>";
		};
/* End PBXVariantGroup section */

/* Begin XCBuildConfiguration section */
		664128291C7ADD860028987B /* Debug */ = {
			isa = XCBuildConfiguration;
			buildSettings = {
				ALWAYS_SEARCH_USER_PATHS = NO;
				CLANG_CXX_LANGUAGE_STANDARD = "gnu++0x";
				CLANG_CXX_LIBRARY = "libc++";
				CLANG_ENABLE_MODULES = YES;
				CLANG_ENABLE_OBJC_ARC = YES;
				CLANG_WARN_BOOL_CONVERSION = YES;
				CLANG_WARN_CONSTANT_CONVERSION = YES;
				CLANG_WARN_DIRECT_OBJC_ISA_USAGE = YES_ERROR;
				CLANG_WARN_EMPTY_BODY = YES;
				CLANG_WARN_ENUM_CONVERSION = YES;
				CLANG_WARN_INT_CONVERSION = YES;
				CLANG_WARN_OBJC_ROOT_CLASS = YES_ERROR;
				CLANG_WARN_UNREACHABLE_CODE = YES;
				CLANG_WARN__DUPLICATE_METHOD_MATCH = YES;
				"CODE_SIGN_IDENTITY[sdk=iphoneos*]" = "iPhone Developer";
				COPY_PHASE_STRIP = NO;
				DEBUG_INFORMATION_FORMAT = dwarf;
				ENABLE_STRICT_OBJC_MSGSEND = YES;
				ENABLE_TESTABILITY = YES;
				GCC_C_LANGUAGE_STANDARD = gnu99;
				GCC_DYNAMIC_NO_PIC = NO;
				GCC_NO_COMMON_BLOCKS = YES;
				GCC_OPTIMIZATION_LEVEL = 0;
				GCC_PREPROCESSOR_DEFINITIONS = (
					"DEBUG=1",
					"$(inherited)",
				);
				GCC_WARN_64_TO_32_BIT_CONVERSION = YES;
				GCC_WARN_ABOUT_RETURN_TYPE = YES_ERROR;
				GCC_WARN_UNDECLARED_SELECTOR = YES;
				GCC_WARN_UNINITIALIZED_AUTOS = YES_AGGRESSIVE;
				GCC_WARN_UNUSED_FUNCTION = YES;
				GCC_WARN_UNUSED_VARIABLE = YES;
				IPHONEOS_DEPLOYMENT_TARGET = 9.2;
				MTL_ENABLE_DEBUG_INFO = YES;
				ONLY_ACTIVE_ARCH = YES;
				SDKROOT = iphoneos;
				TARGETED_DEVICE_FAMILY = "1,2";
			};
			name = Debug;
		};
		6641282A1C7ADD860028987B /* Release */ = {
			isa = XCBuildConfiguration;
			buildSettings = {
				ALWAYS_SEARCH_USER_PATHS = NO;
				CLANG_CXX_LANGUAGE_STANDARD = "gnu++0x";
				CLANG_CXX_LIBRARY = "libc++";
				CLANG_ENABLE_MODULES = YES;
				CLANG_ENABLE_OBJC_ARC = YES;
				CLANG_WARN_BOOL_CONVERSION = YES;
				CLANG_WARN_CONSTANT_CONVERSION = YES;
				CLANG_WARN_DIRECT_OBJC_ISA_USAGE = YES_ERROR;
				CLANG_WARN_EMPTY_BODY = YES;
				CLANG_WARN_ENUM_CONVERSION = YES;
				CLANG_WARN_INT_CONVERSION = YES;
				CLANG_WARN_OBJC_ROOT_CLASS = YES_ERROR;
				CLANG_WARN_UNREACHABLE_CODE = YES;
				CLANG_WARN__DUPLICATE_METHOD_MATCH = YES;
				"CODE_SIGN_IDENTITY[sdk=iphoneos*]" = "iPhone Developer";
				COPY_PHASE_STRIP = NO;
				DEBUG_INFORMATION_FORMAT = "dwarf-with-dsym";
				ENABLE_NS_ASSERTIONS = NO;
				ENABLE_STRICT_OBJC_MSGSEND = YES;
				GCC_C_LANGUAGE_STANDARD = gnu99;
				GCC_NO_COMMON_BLOCKS = YES;
				GCC_WARN_64_TO_32_BIT_CONVERSION = YES;
				GCC_WARN_ABOUT_RETURN_TYPE = YES_ERROR;
				GCC_WARN_UNDECLARED_SELECTOR = YES;
				GCC_WARN_UNINITIALIZED_AUTOS = YES_AGGRESSIVE;
				GCC_WARN_UNUSED_FUNCTION = YES;
				GCC_WARN_UNUSED_VARIABLE = YES;
				IPHONEOS_DEPLOYMENT_TARGET = 9.2;
				MTL_ENABLE_DEBUG_INFO = NO;
				SDKROOT = iphoneos;
				TARGETED_DEVICE_FAMILY = "1,2";
				VALIDATE_PRODUCT = YES;
			};
			name = Release;
		};
		6641282C1C7ADD860028987B /* Debug */ = {
			isa = XCBuildConfiguration;
			buildSettings = {
				ASSETCATALOG_COMPILER_APPICON_NAME = AppIcon;
				CLANG_ENABLE_MODULES = YES;
				FRAMEWORK_SEARCH_PATHS = (
					"$(inherited)",
					"$(PROJECT_DIR)/Oye5/ThirdParty/Facebook",
					"$(PROJECT_DIR)/Oye5/ThirdParty/GoogleSignIn",
				);
				GCC_PREFIX_HEADER = Oye5/PrefixHeader.pch;
				INFOPLIST_FILE = Oye5/Info.plist;
				LD_RUNPATH_SEARCH_PATHS = "$(inherited) @executable_path/Frameworks";
				OTHER_LDFLAGS = "-ObjC";
				PRODUCT_BUNDLE_IDENTIFIER = oye5.Oye5;
				PRODUCT_NAME = "$(TARGET_NAME)";
				SWIFT_OBJC_BRIDGING_HEADER = "Oye5-Bridging-Header.h";
				SWIFT_OPTIMIZATION_LEVEL = "-Onone";
			};
			name = Debug;
		};
		6641282D1C7ADD860028987B /* Release */ = {
			isa = XCBuildConfiguration;
			buildSettings = {
				ASSETCATALOG_COMPILER_APPICON_NAME = AppIcon;
				CLANG_ENABLE_MODULES = YES;
				FRAMEWORK_SEARCH_PATHS = (
					"$(inherited)",
					"$(PROJECT_DIR)/Oye5/ThirdParty/Facebook",
					"$(PROJECT_DIR)/Oye5/ThirdParty/GoogleSignIn",
				);
				GCC_PREFIX_HEADER = Oye5/PrefixHeader.pch;
				INFOPLIST_FILE = Oye5/Info.plist;
				LD_RUNPATH_SEARCH_PATHS = "$(inherited) @executable_path/Frameworks";
				OTHER_LDFLAGS = "-ObjC";
				PRODUCT_BUNDLE_IDENTIFIER = oye5.Oye5;
				PRODUCT_NAME = "$(TARGET_NAME)";
				SWIFT_OBJC_BRIDGING_HEADER = "Oye5-Bridging-Header.h";
			};
			name = Release;
		};
		6641282F1C7ADD860028987B /* Debug */ = {
			isa = XCBuildConfiguration;
			buildSettings = {
				BUNDLE_LOADER = "$(TEST_HOST)";
				INFOPLIST_FILE = Oye5Tests/Info.plist;
				LD_RUNPATH_SEARCH_PATHS = "$(inherited) @executable_path/Frameworks @loader_path/Frameworks";
				PRODUCT_BUNDLE_IDENTIFIER = oye5.Oye5Tests;
				PRODUCT_NAME = "$(TARGET_NAME)";
				TEST_HOST = "$(BUILT_PRODUCTS_DIR)/Oye5.app/Oye5";
			};
			name = Debug;
		};
		664128301C7ADD860028987B /* Release */ = {
			isa = XCBuildConfiguration;
			buildSettings = {
				BUNDLE_LOADER = "$(TEST_HOST)";
				INFOPLIST_FILE = Oye5Tests/Info.plist;
				LD_RUNPATH_SEARCH_PATHS = "$(inherited) @executable_path/Frameworks @loader_path/Frameworks";
				PRODUCT_BUNDLE_IDENTIFIER = oye5.Oye5Tests;
				PRODUCT_NAME = "$(TARGET_NAME)";
				TEST_HOST = "$(BUILT_PRODUCTS_DIR)/Oye5.app/Oye5";
			};
			name = Release;
		};
		664128321C7ADD860028987B /* Debug */ = {
			isa = XCBuildConfiguration;
			buildSettings = {
				INFOPLIST_FILE = Oye5UITests/Info.plist;
				LD_RUNPATH_SEARCH_PATHS = "$(inherited) @executable_path/Frameworks @loader_path/Frameworks";
				PRODUCT_BUNDLE_IDENTIFIER = oye5.Oye5UITests;
				PRODUCT_NAME = "$(TARGET_NAME)";
				TEST_TARGET_NAME = Oye5;
				USES_XCTRUNNER = YES;
			};
			name = Debug;
		};
		664128331C7ADD860028987B /* Release */ = {
			isa = XCBuildConfiguration;
			buildSettings = {
				INFOPLIST_FILE = Oye5UITests/Info.plist;
				LD_RUNPATH_SEARCH_PATHS = "$(inherited) @executable_path/Frameworks @loader_path/Frameworks";
				PRODUCT_BUNDLE_IDENTIFIER = oye5.Oye5UITests;
				PRODUCT_NAME = "$(TARGET_NAME)";
				TEST_TARGET_NAME = Oye5;
				USES_XCTRUNNER = YES;
			};
			name = Release;
		};
/* End XCBuildConfiguration section */

/* Begin XCConfigurationList section */
		664127F61C7ADD850028987B /* Build configuration list for PBXProject "Oye5" */ = {
			isa = XCConfigurationList;
			buildConfigurations = (
				664128291C7ADD860028987B /* Debug */,
				6641282A1C7ADD860028987B /* Release */,
			);
			defaultConfigurationIsVisible = 0;
			defaultConfigurationName = Release;
		};
		6641282B1C7ADD860028987B /* Build configuration list for PBXNativeTarget "Oye5" */ = {
			isa = XCConfigurationList;
			buildConfigurations = (
				6641282C1C7ADD860028987B /* Debug */,
				6641282D1C7ADD860028987B /* Release */,
			);
			defaultConfigurationIsVisible = 0;
			defaultConfigurationName = Release;
		};
		6641282E1C7ADD860028987B /* Build configuration list for PBXNativeTarget "Oye5Tests" */ = {
			isa = XCConfigurationList;
			buildConfigurations = (
				6641282F1C7ADD860028987B /* Debug */,
				664128301C7ADD860028987B /* Release */,
			);
			defaultConfigurationIsVisible = 0;
			defaultConfigurationName = Release;
		};
		664128311C7ADD860028987B /* Build configuration list for PBXNativeTarget "Oye5UITests" */ = {
			isa = XCConfigurationList;
			buildConfigurations = (
				664128321C7ADD860028987B /* Debug */,
				664128331C7ADD860028987B /* Release */,
			);
			defaultConfigurationIsVisible = 0;
			defaultConfigurationName = Release;
		};
/* End XCConfigurationList section */
	};
	rootObject = 664127F31C7ADD850028987B /* Project object */;
}
